
Microsoft Visual Studio Solution File, Format Version 12.00
# Visual Studio 14
VisualStudioVersion = 14.0.25402.0
MinimumVisualStudioVersion = 10.0.40219.1
Project("{FAE04EC0-301F-11D3-BF4B-00C04F79EFBC}") = "NugetUpdate.Droid", "NugetUpdate\NugetUpdate.Droid\NugetUpdate.Droid.csproj", "{552F69E4-F835-4E87-8040-B3D6BFB1413A}"
EndProject
Project("{FAE04EC0-301F-11D3-BF4B-00C04F79EFBC}") = "NugetUpdate.iOS", "NugetUpdate\NugetUpdate.iOS\NugetUpdate.iOS.csproj", "{646FD0BF-F3C7-4810-B3E6-49F3E6BCC11D}"
EndProject
Project("{FAE04EC0-301F-11D3-BF4B-00C04F79EFBC}") = "NugetUpdate.WinPhone", "NugetUpdate\NugetUpdate.WinPhone\NugetUpdate.WinPhone.csproj", "{88259146-0190-4DF7-8902-7595C65BEAB8}"
EndProject
Project("{FAE04EC0-301F-11D3-BF4B-00C04F79EFBC}") = "NugetUpdate.UWP", "NugetUpdate\NugetUpdate.UWP\NugetUpdate.UWP.csproj", "{82C60D6C-E6D2-4BE8-AAA9-9BC0EBA06538}"
EndProject
Project("{FAE04EC0-301F-11D3-BF4B-00C04F79EFBC}") = "NugetUpdate.Windows", "NugetUpdate\NugetUpdate.Windows\NugetUpdate.Windows.csproj", "{E81ED00A-564F-4635-B743-069C3ECB4809}"
EndProject
Project("{FAE04EC0-301F-11D3-BF4B-00C04F79EFBC}") = "NugetUpdate", "NugetUpdate\NugetUpdate\NugetUpdate.csproj", "{F5667FB9-A40E-4B49-8227-CFF280D6CE3B}"
EndProject
Project("{FAE04EC0-301F-11D3-BF4B-00C04F79EFBC}") = "NugetUpdate.iOS.Classic", "NugetUpdate\NugetUpdate.iOS.Classic\NugetUpdate.iOS.Classic.csproj", "{A46FD0BF-F3C7-4810-B3E6-49F3E6BCC11A}"
EndProject
Global
	GlobalSection(SolutionConfigurationPlatforms) = preSolution
		Ad-Hoc|AnyCPU = Ad-Hoc|AnyCPU
		Ad-Hoc|ARM = Ad-Hoc|ARM
		Ad-Hoc|iPhone = Ad-Hoc|iPhone
		Ad-Hoc|iPhoneSimulator = Ad-Hoc|iPhoneSimulator
		Ad-Hoc|x64 = Ad-Hoc|x64
		Ad-Hoc|x86 = Ad-Hoc|x86
		AppStore|AnyCPU = AppStore|AnyCPU
		AppStore|ARM = AppStore|ARM
		AppStore|iPhone = AppStore|iPhone
		AppStore|iPhoneSimulator = AppStore|iPhoneSimulator
		AppStore|x64 = AppStore|x64
		AppStore|x86 = AppStore|x86
		Debug|AnyCPU = Debug|AnyCPU
		Debug|ARM = Debug|ARM
		Debug|iPhone = Debug|iPhone
		Debug|iPhoneSimulator = Debug|iPhoneSimulator
		Debug|x64 = Debug|x64
		Debug|x86 = Debug|x86
		Release|AnyCPU = Release|AnyCPU
		Release|ARM = Release|ARM
		Release|iPhone = Release|iPhone
		Release|iPhoneSimulator = Release|iPhoneSimulator
		Release|x64 = Release|x64
		Release|x86 = Release|x86
	EndGlobalSection
	GlobalSection(ProjectConfigurationPlatforms) = postSolution
		{552F69E4-F835-4E87-8040-B3D6BFB1413A}.Ad-Hoc|AnyCPU.ActiveCfg = Release|Any CPU
		{552F69E4-F835-4E87-8040-B3D6BFB1413A}.Ad-Hoc|ARM.ActiveCfg = Release|Any CPU
		{552F69E4-F835-4E87-8040-B3D6BFB1413A}.Ad-Hoc|iPhone.ActiveCfg = Release|Any CPU
		{552F69E4-F835-4E87-8040-B3D6BFB1413A}.Ad-Hoc|iPhoneSimulator.ActiveCfg = Release|Any CPU
		{552F69E4-F835-4E87-8040-B3D6BFB1413A}.Ad-Hoc|x64.ActiveCfg = Release|Any CPU
		{552F69E4-F835-4E87-8040-B3D6BFB1413A}.Ad-Hoc|x86.ActiveCfg = Release|Any CPU
		{552F69E4-F835-4E87-8040-B3D6BFB1413A}.AppStore|AnyCPU.ActiveCfg = Release|Any CPU
		{552F69E4-F835-4E87-8040-B3D6BFB1413A}.AppStore|ARM.ActiveCfg = Release|Any CPU
		{552F69E4-F835-4E87-8040-B3D6BFB1413A}.AppStore|iPhone.ActiveCfg = Release|Any CPU
		{552F69E4-F835-4E87-8040-B3D6BFB1413A}.AppStore|iPhoneSimulator.ActiveCfg = Release|Any CPU
		{552F69E4-F835-4E87-8040-B3D6BFB1413A}.AppStore|x64.ActiveCfg = Release|Any CPU
		{552F69E4-F835-4E87-8040-B3D6BFB1413A}.AppStore|x86.ActiveCfg = Release|Any CPU
		{552F69E4-F835-4E87-8040-B3D6BFB1413A}.Debug|AnyCPU.ActiveCfg = Debug|Any CPU
		{552F69E4-F835-4E87-8040-B3D6BFB1413A}.Debug|AnyCPU.Build.0 = Debug|Any CPU
		{552F69E4-F835-4E87-8040-B3D6BFB1413A}.Debug|AnyCPU.Deploy.0 = Debug|Any CPU
		{552F69E4-F835-4E87-8040-B3D6BFB1413A}.Debug|ARM.ActiveCfg = Debug|Any CPU
		{552F69E4-F835-4E87-8040-B3D6BFB1413A}.Debug|iPhone.ActiveCfg = Debug|Any CPU
		{552F69E4-F835-4E87-8040-B3D6BFB1413A}.Debug|iPhoneSimulator.ActiveCfg = Debug|Any CPU
		{552F69E4-F835-4E87-8040-B3D6BFB1413A}.Debug|x64.ActiveCfg = Debug|Any CPU
		{552F69E4-F835-4E87-8040-B3D6BFB1413A}.Debug|x86.ActiveCfg = Debug|Any CPU
		{552F69E4-F835-4E87-8040-B3D6BFB1413A}.Release|AnyCPU.ActiveCfg = Release|Any CPU
		{552F69E4-F835-4E87-8040-B3D6BFB1413A}.Release|AnyCPU.Build.0 = Release|Any CPU
		{552F69E4-F835-4E87-8040-B3D6BFB1413A}.Release|AnyCPU.Deploy.0 = Release|Any CPU
		{552F69E4-F835-4E87-8040-B3D6BFB1413A}.Release|ARM.ActiveCfg = Release|Any CPU
		{552F69E4-F835-4E87-8040-B3D6BFB1413A}.Release|iPhone.ActiveCfg = Release|Any CPU
		{552F69E4-F835-4E87-8040-B3D6BFB1413A}.Release|iPhoneSimulator.ActiveCfg = Release|Any CPU
		{552F69E4-F835-4E87-8040-B3D6BFB1413A}.Release|x64.ActiveCfg = Release|Any CPU
		{552F69E4-F835-4E87-8040-B3D6BFB1413A}.Release|x86.ActiveCfg = Release|Any CPU
		{646FD0BF-F3C7-4810-B3E6-49F3E6BCC11D}.Ad-Hoc|AnyCPU.ActiveCfg = Ad-Hoc|iPhone
		{646FD0BF-F3C7-4810-B3E6-49F3E6BCC11D}.Ad-Hoc|ARM.ActiveCfg = Ad-Hoc|iPhone
		{646FD0BF-F3C7-4810-B3E6-49F3E6BCC11D}.Ad-Hoc|iPhone.ActiveCfg = Ad-Hoc|iPhone
		{646FD0BF-F3C7-4810-B3E6-49F3E6BCC11D}.Ad-Hoc|iPhoneSimulator.ActiveCfg = Ad-Hoc|iPhoneSimulator
		{646FD0BF-F3C7-4810-B3E6-49F3E6BCC11D}.Ad-Hoc|x64.ActiveCfg = Ad-Hoc|iPhone
		{646FD0BF-F3C7-4810-B3E6-49F3E6BCC11D}.Ad-Hoc|x86.ActiveCfg = Ad-Hoc|iPhone
		{646FD0BF-F3C7-4810-B3E6-49F3E6BCC11D}.AppStore|AnyCPU.ActiveCfg = AppStore|iPhone
		{646FD0BF-F3C7-4810-B3E6-49F3E6BCC11D}.AppStore|ARM.ActiveCfg = AppStore|iPhone
		{646FD0BF-F3C7-4810-B3E6-49F3E6BCC11D}.AppStore|iPhone.ActiveCfg = AppStore|iPhone
		{646FD0BF-F3C7-4810-B3E6-49F3E6BCC11D}.AppStore|iPhoneSimulator.ActiveCfg = AppStore|iPhoneSimulator
		{646FD0BF-F3C7-4810-B3E6-49F3E6BCC11D}.AppStore|x64.ActiveCfg = AppStore|iPhone
		{646FD0BF-F3C7-4810-B3E6-49F3E6BCC11D}.AppStore|x86.ActiveCfg = AppStore|iPhone
		{646FD0BF-F3C7-4810-B3E6-49F3E6BCC11D}.Debug|AnyCPU.ActiveCfg = Debug|iPhoneSimulator
		{646FD0BF-F3C7-4810-B3E6-49F3E6BCC11D}.Debug|AnyCPU.Build.0 = Debug|iPhoneSimulator
		{646FD0BF-F3C7-4810-B3E6-49F3E6BCC11D}.Debug|ARM.ActiveCfg = Debug|iPhone
		{646FD0BF-F3C7-4810-B3E6-49F3E6BCC11D}.Debug|iPhone.ActiveCfg = Debug|iPhone
		{646FD0BF-F3C7-4810-B3E6-49F3E6BCC11D}.Debug|iPhone.Build.0 = Debug|iPhone
		{646FD0BF-F3C7-4810-B3E6-49F3E6BCC11D}.Debug|iPhoneSimulator.ActiveCfg = Debug|iPhoneSimulator
		{646FD0BF-F3C7-4810-B3E6-49F3E6BCC11D}.Debug|iPhoneSimulator.Build.0 = Debug|iPhoneSimulator
		{646FD0BF-F3C7-4810-B3E6-49F3E6BCC11D}.Debug|x64.ActiveCfg = Debug|iPhone
		{646FD0BF-F3C7-4810-B3E6-49F3E6BCC11D}.Debug|x86.ActiveCfg = Debug|iPhone
		{646FD0BF-F3C7-4810-B3E6-49F3E6BCC11D}.Release|AnyCPU.ActiveCfg = Release|iPhoneSimulator
		{646FD0BF-F3C7-4810-B3E6-49F3E6BCC11D}.Release|AnyCPU.Build.0 = Release|iPhoneSimulator
		{646FD0BF-F3C7-4810-B3E6-49F3E6BCC11D}.Release|ARM.ActiveCfg = Release|iPhone
		{646FD0BF-F3C7-4810-B3E6-49F3E6BCC11D}.Release|iPhone.ActiveCfg = Release|iPhone
		{646FD0BF-F3C7-4810-B3E6-49F3E6BCC11D}.Release|iPhone.Build.0 = Release|iPhone
		{646FD0BF-F3C7-4810-B3E6-49F3E6BCC11D}.Release|iPhoneSimulator.ActiveCfg = Release|iPhoneSimulator
		{646FD0BF-F3C7-4810-B3E6-49F3E6BCC11D}.Release|iPhoneSimulator.Build.0 = Release|iPhoneSimulator
		{646FD0BF-F3C7-4810-B3E6-49F3E6BCC11D}.Release|x64.ActiveCfg = Release|iPhone
		{646FD0BF-F3C7-4810-B3E6-49F3E6BCC11D}.Release|x86.ActiveCfg = Release|iPhone
		{88259146-0190-4DF7-8902-7595C65BEAB8}.Ad-Hoc|AnyCPU.ActiveCfg = Release|Any CPU
		{88259146-0190-4DF7-8902-7595C65BEAB8}.Ad-Hoc|ARM.ActiveCfg = Release|ARM
		{88259146-0190-4DF7-8902-7595C65BEAB8}.Ad-Hoc|iPhone.ActiveCfg = Release|Any CPU
		{88259146-0190-4DF7-8902-7595C65BEAB8}.Ad-Hoc|iPhoneSimulator.ActiveCfg = Release|Any CPU
		{88259146-0190-4DF7-8902-7595C65BEAB8}.Ad-Hoc|x64.ActiveCfg = Release|Any CPU
		{88259146-0190-4DF7-8902-7595C65BEAB8}.Ad-Hoc|x86.ActiveCfg = Release|x86
		{88259146-0190-4DF7-8902-7595C65BEAB8}.AppStore|AnyCPU.ActiveCfg = Release|Any CPU
		{88259146-0190-4DF7-8902-7595C65BEAB8}.AppStore|ARM.ActiveCfg = Release|ARM
		{88259146-0190-4DF7-8902-7595C65BEAB8}.AppStore|iPhone.ActiveCfg = Release|Any CPU
		{88259146-0190-4DF7-8902-7595C65BEAB8}.AppStore|iPhoneSimulator.ActiveCfg = Release|Any CPU
		{88259146-0190-4DF7-8902-7595C65BEAB8}.AppStore|x64.ActiveCfg = Release|Any CPU
		{88259146-0190-4DF7-8902-7595C65BEAB8}.AppStore|x86.ActiveCfg = Release|x86
		{88259146-0190-4DF7-8902-7595C65BEAB8}.Debug|AnyCPU.ActiveCfg = Debug|Any CPU
		{88259146-0190-4DF7-8902-7595C65BEAB8}.Debug|AnyCPU.Build.0 = Debug|Any CPU
		{88259146-0190-4DF7-8902-7595C65BEAB8}.Debug|AnyCPU.Deploy.0 = Debug|Any CPU
		{88259146-0190-4DF7-8902-7595C65BEAB8}.Debug|ARM.ActiveCfg = Debug|ARM
		{88259146-0190-4DF7-8902-7595C65BEAB8}.Debug|ARM.Build.0 = Debug|ARM
		{88259146-0190-4DF7-8902-7595C65BEAB8}.Debug|ARM.Deploy.0 = Debug|ARM
		{88259146-0190-4DF7-8902-7595C65BEAB8}.Debug|iPhone.ActiveCfg = Debug|Any CPU
		{88259146-0190-4DF7-8902-7595C65BEAB8}.Debug|iPhoneSimulator.ActiveCfg = Debug|Any CPU
		{88259146-0190-4DF7-8902-7595C65BEAB8}.Debug|x64.ActiveCfg = Debug|Any CPU
		{88259146-0190-4DF7-8902-7595C65BEAB8}.Debug|x86.ActiveCfg = Debug|x86
		{88259146-0190-4DF7-8902-7595C65BEAB8}.Debug|x86.Build.0 = Debug|x86
		{88259146-0190-4DF7-8902-7595C65BEAB8}.Debug|x86.Deploy.0 = Debug|x86
		{88259146-0190-4DF7-8902-7595C65BEAB8}.Release|AnyCPU.ActiveCfg = Release|Any CPU
		{88259146-0190-4DF7-8902-7595C65BEAB8}.Release|AnyCPU.Build.0 = Release|Any CPU
		{88259146-0190-4DF7-8902-7595C65BEAB8}.Release|AnyCPU.Deploy.0 = Release|Any CPU
		{88259146-0190-4DF7-8902-7595C65BEAB8}.Release|ARM.ActiveCfg = Release|ARM
		{88259146-0190-4DF7-8902-7595C65BEAB8}.Release|ARM.Build.0 = Release|ARM
		{88259146-0190-4DF7-8902-7595C65BEAB8}.Release|ARM.Deploy.0 = Release|ARM
		{88259146-0190-4DF7-8902-7595C65BEAB8}.Release|iPhone.ActiveCfg = Release|Any CPU
		{88259146-0190-4DF7-8902-7595C65BEAB8}.Release|iPhoneSimulator.ActiveCfg = Release|Any CPU
		{88259146-0190-4DF7-8902-7595C65BEAB8}.Release|x64.ActiveCfg = Release|Any CPU
		{88259146-0190-4DF7-8902-7595C65BEAB8}.Release|x86.ActiveCfg = Release|x86
		{88259146-0190-4DF7-8902-7595C65BEAB8}.Release|x86.Build.0 = Release|x86
		{88259146-0190-4DF7-8902-7595C65BEAB8}.Release|x86.Deploy.0 = Release|x86
		{82C60D6C-E6D2-4BE8-AAA9-9BC0EBA06538}.Ad-Hoc|AnyCPU.ActiveCfg = Release|x86
		{82C60D6C-E6D2-4BE8-AAA9-9BC0EBA06538}.Ad-Hoc|ARM.ActiveCfg = Release|ARM
		{82C60D6C-E6D2-4BE8-AAA9-9BC0EBA06538}.Ad-Hoc|iPhone.ActiveCfg = Release|x86
		{82C60D6C-E6D2-4BE8-AAA9-9BC0EBA06538}.Ad-Hoc|iPhoneSimulator.ActiveCfg = Release|x86
		{82C60D6C-E6D2-4BE8-AAA9-9BC0EBA06538}.Ad-Hoc|x64.ActiveCfg = Release|x64
		{82C60D6C-E6D2-4BE8-AAA9-9BC0EBA06538}.Ad-Hoc|x86.ActiveCfg = Release|x86
		{82C60D6C-E6D2-4BE8-AAA9-9BC0EBA06538}.AppStore|AnyCPU.ActiveCfg = Release|x86
		{82C60D6C-E6D2-4BE8-AAA9-9BC0EBA06538}.AppStore|ARM.ActiveCfg = Release|ARM
		{82C60D6C-E6D2-4BE8-AAA9-9BC0EBA06538}.AppStore|iPhone.ActiveCfg = Release|x86
		{82C60D6C-E6D2-4BE8-AAA9-9BC0EBA06538}.AppStore|iPhoneSimulator.ActiveCfg = Release|x86
		{82C60D6C-E6D2-4BE8-AAA9-9BC0EBA06538}.AppStore|x64.ActiveCfg = Release|x64
		{82C60D6C-E6D2-4BE8-AAA9-9BC0EBA06538}.AppStore|x86.ActiveCfg = Release|x86
		{82C60D6C-E6D2-4BE8-AAA9-9BC0EBA06538}.Debug|AnyCPU.ActiveCfg = Debug|x86
		{82C60D6C-E6D2-4BE8-AAA9-9BC0EBA06538}.Debug|AnyCPU.Build.0 = Debug|x86
		{82C60D6C-E6D2-4BE8-AAA9-9BC0EBA06538}.Debug|AnyCPU.Deploy.0 = Debug|x86
		{82C60D6C-E6D2-4BE8-AAA9-9BC0EBA06538}.Debug|ARM.ActiveCfg = Debug|ARM
		{82C60D6C-E6D2-4BE8-AAA9-9BC0EBA06538}.Debug|ARM.Build.0 = Debug|ARM
		{82C60D6C-E6D2-4BE8-AAA9-9BC0EBA06538}.Debug|ARM.Deploy.0 = Debug|ARM
		{82C60D6C-E6D2-4BE8-AAA9-9BC0EBA06538}.Debug|iPhone.ActiveCfg = Debug|x86
		{82C60D6C-E6D2-4BE8-AAA9-9BC0EBA06538}.Debug|iPhoneSimulator.ActiveCfg = Debug|x86
		{82C60D6C-E6D2-4BE8-AAA9-9BC0EBA06538}.Debug|x64.ActiveCfg = Debug|x64
		{82C60D6C-E6D2-4BE8-AAA9-9BC0EBA06538}.Debug|x64.Build.0 = Debug|x64
		{82C60D6C-E6D2-4BE8-AAA9-9BC0EBA06538}.Debug|x64.Deploy.0 = Debug|x64
		{82C60D6C-E6D2-4BE8-AAA9-9BC0EBA06538}.Debug|x86.ActiveCfg = Debug|x86
		{82C60D6C-E6D2-4BE8-AAA9-9BC0EBA06538}.Debug|x86.Build.0 = Debug|x86
		{82C60D6C-E6D2-4BE8-AAA9-9BC0EBA06538}.Debug|x86.Deploy.0 = Debug|x86
		{82C60D6C-E6D2-4BE8-AAA9-9BC0EBA06538}.Release|AnyCPU.ActiveCfg = Release|x86
		{82C60D6C-E6D2-4BE8-AAA9-9BC0EBA06538}.Release|AnyCPU.Build.0 = Release|x86
		{82C60D6C-E6D2-4BE8-AAA9-9BC0EBA06538}.Release|AnyCPU.Deploy.0 = Release|x86
		{82C60D6C-E6D2-4BE8-AAA9-9BC0EBA06538}.Release|ARM.ActiveCfg = Release|ARM
		{82C60D6C-E6D2-4BE8-AAA9-9BC0EBA06538}.Release|ARM.Build.0 = Release|ARM
		{82C60D6C-E6D2-4BE8-AAA9-9BC0EBA06538}.Release|ARM.Deploy.0 = Release|ARM
		{82C60D6C-E6D2-4BE8-AAA9-9BC0EBA06538}.Release|iPhone.ActiveCfg = Release|x86
		{82C60D6C-E6D2-4BE8-AAA9-9BC0EBA06538}.Release|iPhoneSimulator.ActiveCfg = Release|x86
		{82C60D6C-E6D2-4BE8-AAA9-9BC0EBA06538}.Release|x64.ActiveCfg = Release|x64
		{82C60D6C-E6D2-4BE8-AAA9-9BC0EBA06538}.Release|x64.Build.0 = Release|x64
		{82C60D6C-E6D2-4BE8-AAA9-9BC0EBA06538}.Release|x64.Deploy.0 = Release|x64
		{82C60D6C-E6D2-4BE8-AAA9-9BC0EBA06538}.Release|x86.ActiveCfg = Release|x86
		{82C60D6C-E6D2-4BE8-AAA9-9BC0EBA06538}.Release|x86.Build.0 = Release|x86
		{82C60D6C-E6D2-4BE8-AAA9-9BC0EBA06538}.Release|x86.Deploy.0 = Release|x86
		{E81ED00A-564F-4635-B743-069C3ECB4809}.Ad-Hoc|AnyCPU.ActiveCfg = Release|Any CPU
		{E81ED00A-564F-4635-B743-069C3ECB4809}.Ad-Hoc|ARM.ActiveCfg = Release|ARM
		{E81ED00A-564F-4635-B743-069C3ECB4809}.Ad-Hoc|iPhone.ActiveCfg = Release|Any CPU
		{E81ED00A-564F-4635-B743-069C3ECB4809}.Ad-Hoc|iPhoneSimulator.ActiveCfg = Release|Any CPU
		{E81ED00A-564F-4635-B743-069C3ECB4809}.Ad-Hoc|x64.ActiveCfg = Release|x64
		{E81ED00A-564F-4635-B743-069C3ECB4809}.Ad-Hoc|x86.ActiveCfg = Release|x86
		{E81ED00A-564F-4635-B743-069C3ECB4809}.AppStore|AnyCPU.ActiveCfg = Release|Any CPU
		{E81ED00A-564F-4635-B743-069C3ECB4809}.AppStore|ARM.ActiveCfg = Release|ARM
		{E81ED00A-564F-4635-B743-069C3ECB4809}.AppStore|iPhone.ActiveCfg = Release|Any CPU
		{E81ED00A-564F-4635-B743-069C3ECB4809}.AppStore|iPhoneSimulator.ActiveCfg = Release|Any CPU
		{E81ED00A-564F-4635-B743-069C3ECB4809}.AppStore|x64.ActiveCfg = Release|x64
		{E81ED00A-564F-4635-B743-069C3ECB4809}.AppStore|x86.ActiveCfg = Release|x86
		{E81ED00A-564F-4635-B743-069C3ECB4809}.Debug|AnyCPU.ActiveCfg = Debug|Any CPU
		{E81ED00A-564F-4635-B743-069C3ECB4809}.Debug|AnyCPU.Build.0 = Debug|Any CPU
		{E81ED00A-564F-4635-B743-069C3ECB4809}.Debug|AnyCPU.Deploy.0 = Debug|Any CPU
		{E81ED00A-564F-4635-B743-069C3ECB4809}.Debug|ARM.ActiveCfg = Debug|ARM
		{E81ED00A-564F-4635-B743-069C3ECB4809}.Debug|ARM.Build.0 = Debug|ARM
		{E81ED00A-564F-4635-B743-069C3ECB4809}.Debug|ARM.Deploy.0 = Debug|ARM
		{E81ED00A-564F-4635-B743-069C3ECB4809}.Debug|iPhone.ActiveCfg = Debug|Any CPU
		{E81ED00A-564F-4635-B743-069C3ECB4809}.Debug|iPhoneSimulator.ActiveCfg = Debug|Any CPU
		{E81ED00A-564F-4635-B743-069C3ECB4809}.Debug|x64.ActiveCfg = Debug|x64
		{E81ED00A-564F-4635-B743-069C3ECB4809}.Debug|x64.Build.0 = Debug|x64
		{E81ED00A-564F-4635-B743-069C3ECB4809}.Debug|x64.Deploy.0 = Debug|x64
		{E81ED00A-564F-4635-B743-069C3ECB4809}.Debug|x86.ActiveCfg = Debug|x86
		{E81ED00A-564F-4635-B743-069C3ECB4809}.Debug|x86.Build.0 = Debug|x86
		{E81ED00A-564F-4635-B743-069C3ECB4809}.Debug|x86.Deploy.0 = Debug|x86
		{E81ED00A-564F-4635-B743-069C3ECB4809}.Release|AnyCPU.ActiveCfg = Release|Any CPU
		{E81ED00A-564F-4635-B743-069C3ECB4809}.Release|AnyCPU.Build.0 = Release|Any CPU
		{E81ED00A-564F-4635-B743-069C3ECB4809}.Release|AnyCPU.Deploy.0 = Release|Any CPU
		{E81ED00A-564F-4635-B743-069C3ECB4809}.Release|ARM.ActiveCfg = Release|ARM
		{E81ED00A-564F-4635-B743-069C3ECB4809}.Release|ARM.Build.0 = Release|ARM
		{E81ED00A-564F-4635-B743-069C3ECB4809}.Release|ARM.Deploy.0 = Release|ARM
		{E81ED00A-564F-4635-B743-069C3ECB4809}.Release|iPhone.ActiveCfg = Release|Any CPU
		{E81ED00A-564F-4635-B743-069C3ECB4809}.Release|iPhoneSimulator.ActiveCfg = Release|Any CPU
		{E81ED00A-564F-4635-B743-069C3ECB4809}.Release|x64.ActiveCfg = Release|x64
		{E81ED00A-564F-4635-B743-069C3ECB4809}.Release|x64.Build.0 = Release|x64
		{E81ED00A-564F-4635-B743-069C3ECB4809}.Release|x64.Deploy.0 = Release|x64
		{E81ED00A-564F-4635-B743-069C3ECB4809}.Release|x86.ActiveCfg = Release|x86
		{E81ED00A-564F-4635-B743-069C3ECB4809}.Release|x86.Build.0 = Release|x86
		{E81ED00A-564F-4635-B743-069C3ECB4809}.Release|x86.Deploy.0 = Release|x86
		{F5667FB9-A40E-4B49-8227-CFF280D6CE3B}.Ad-Hoc|AnyCPU.ActiveCfg = Release|Any CPU
		{F5667FB9-A40E-4B49-8227-CFF280D6CE3B}.Ad-Hoc|ARM.ActiveCfg = Release|Any CPU
		{F5667FB9-A40E-4B49-8227-CFF280D6CE3B}.Ad-Hoc|iPhone.ActiveCfg = Release|Any CPU
		{F5667FB9-A40E-4B49-8227-CFF280D6CE3B}.Ad-Hoc|iPhoneSimulator.ActiveCfg = Release|Any CPU
		{F5667FB9-A40E-4B49-8227-CFF280D6CE3B}.Ad-Hoc|x64.ActiveCfg = Release|Any CPU
		{F5667FB9-A40E-4B49-8227-CFF280D6CE3B}.Ad-Hoc|x86.ActiveCfg = Release|Any CPU
		{F5667FB9-A40E-4B49-8227-CFF280D6CE3B}.AppStore|AnyCPU.ActiveCfg = Release|Any CPU
		{F5667FB9-A40E-4B49-8227-CFF280D6CE3B}.AppStore|ARM.ActiveCfg = Release|Any CPU
		{F5667FB9-A40E-4B49-8227-CFF280D6CE3B}.AppStore|iPhone.ActiveCfg = Release|Any CPU
		{F5667FB9-A40E-4B49-8227-CFF280D6CE3B}.AppStore|iPhoneSimulator.ActiveCfg = Release|Any CPU
		{F5667FB9-A40E-4B49-8227-CFF280D6CE3B}.AppStore|x64.ActiveCfg = Release|Any CPU
		{F5667FB9-A40E-4B49-8227-CFF280D6CE3B}.AppStore|x86.ActiveCfg = Release|Any CPU
		{F5667FB9-A40E-4B49-8227-CFF280D6CE3B}.Debug|AnyCPU.ActiveCfg = Debug|Any CPU
		{F5667FB9-A40E-4B49-8227-CFF280D6CE3B}.Debug|AnyCPU.Build.0 = Debug|Any CPU
		{F5667FB9-A40E-4B49-8227-CFF280D6CE3B}.Debug|ARM.ActiveCfg = Debug|Any CPU
		{F5667FB9-A40E-4B49-8227-CFF280D6CE3B}.Debug|ARM.Build.0 = Debug|Any CPU
		{F5667FB9-A40E-4B49-8227-CFF280D6CE3B}.Debug|iPhone.ActiveCfg = Debug|Any CPU
		{F5667FB9-A40E-4B49-8227-CFF280D6CE3B}.Debug|iPhone.Build.0 = Debug|Any CPU
		{F5667FB9-A40E-4B49-8227-CFF280D6CE3B}.Debug|iPhoneSimulator.ActiveCfg = Debug|Any CPU
		{F5667FB9-A40E-4B49-8227-CFF280D6CE3B}.Debug|iPhoneSimulator.Build.0 = Debug|Any CPU
		{F5667FB9-A40E-4B49-8227-CFF280D6CE3B}.Debug|x64.ActiveCfg = Debug|Any CPU
		{F5667FB9-A40E-4B49-8227-CFF280D6CE3B}.Debug|x64.Build.0 = Debug|Any CPU
		{F5667FB9-A40E-4B49-8227-CFF280D6CE3B}.Debug|x86.ActiveCfg = Debug|Any CPU
		{F5667FB9-A40E-4B49-8227-CFF280D6CE3B}.Debug|x86.Build.0 = Debug|Any CPU
		{F5667FB9-A40E-4B49-8227-CFF280D6CE3B}.Release|AnyCPU.ActiveCfg = Release|Any CPU
		{F5667FB9-A40E-4B49-8227-CFF280D6CE3B}.Release|AnyCPU.Build.0 = Release|Any CPU
		{F5667FB9-A40E-4B49-8227-CFF280D6CE3B}.Release|ARM.ActiveCfg = Release|Any CPU
		{F5667FB9-A40E-4B49-8227-CFF280D6CE3B}.Release|ARM.Build.0 = Release|Any CPU
		{F5667FB9-A40E-4B49-8227-CFF280D6CE3B}.Release|iPhone.ActiveCfg = Release|Any CPU
		{F5667FB9-A40E-4B49-8227-CFF280D6CE3B}.Release|iPhone.Build.0 = Release|Any CPU
		{F5667FB9-A40E-4B49-8227-CFF280D6CE3B}.Release|iPhoneSimulator.ActiveCfg = Release|Any CPU
		{F5667FB9-A40E-4B49-8227-CFF280D6CE3B}.Release|iPhoneSimulator.Build.0 = Release|Any CPU
		{F5667FB9-A40E-4B49-8227-CFF280D6CE3B}.Release|x64.ActiveCfg = Release|Any CPU
		{F5667FB9-A40E-4B49-8227-CFF280D6CE3B}.Release|x64.Build.0 = Release|Any CPU
		{F5667FB9-A40E-4B49-8227-CFF280D6CE3B}.Release|x86.ActiveCfg = Release|Any CPU
		{F5667FB9-A40E-4B49-8227-CFF280D6CE3B}.Release|x86.Build.0 = Release|Any CPU
		{A46FD0BF-F3C7-4810-B3E6-49F3E6BCC11A}.Ad-Hoc|AnyCPU.ActiveCfg = Ad-Hoc|iPhone
		{A46FD0BF-F3C7-4810-B3E6-49F3E6BCC11A}.Ad-Hoc|ARM.ActiveCfg = Ad-Hoc|iPhone
		{A46FD0BF-F3C7-4810-B3E6-49F3E6BCC11A}.Ad-Hoc|iPhone.ActiveCfg = Ad-Hoc|iPhone
		{A46FD0BF-F3C7-4810-B3E6-49F3E6BCC11A}.Ad-Hoc|iPhoneSimulator.ActiveCfg = Ad-Hoc|iPhoneSimulator
		{A46FD0BF-F3C7-4810-B3E6-49F3E6BCC11A}.Ad-Hoc|x64.ActiveCfg = Ad-Hoc|iPhone
		{A46FD0BF-F3C7-4810-B3E6-49F3E6BCC11A}.Ad-Hoc|x86.ActiveCfg = Ad-Hoc|iPhone
		{A46FD0BF-F3C7-4810-B3E6-49F3E6BCC11A}.AppStore|AnyCPU.ActiveCfg = AppStore|iPhone
		{A46FD0BF-F3C7-4810-B3E6-49F3E6BCC11A}.AppStore|ARM.ActiveCfg = AppStore|iPhone
		{A46FD0BF-F3C7-4810-B3E6-49F3E6BCC11A}.AppStore|iPhone.ActiveCfg = AppStore|iPhone
		{A46FD0BF-F3C7-4810-B3E6-49F3E6BCC11A}.AppStore|iPhoneSimulator.ActiveCfg = AppStore|iPhoneSimulator
		{A46FD0BF-F3C7-4810-B3E6-49F3E6BCC11A}.AppStore|x64.ActiveCfg = AppStore|iPhone
		{A46FD0BF-F3C7-4810-B3E6-49F3E6BCC11A}.AppStore|x86.ActiveCfg = AppStore|iPhone
		{A46FD0BF-F3C7-4810-B3E6-49F3E6BCC11A}.Debug|AnyCPU.ActiveCfg = Debug|iPhoneSimulator
		{A46FD0BF-F3C7-4810-B3E6-49F3E6BCC11A}.Debug|AnyCPU.Build.0 = Debug|iPhoneSimulator
		{A46FD0BF-F3C7-4810-B3E6-49F3E6BCC11A}.Debug|ARM.ActiveCfg = Debug|iPhone
		{A46FD0BF-F3C7-4810-B3E6-49F3E6BCC11A}.Debug|iPhone.ActiveCfg = Debug|iPhone
		{A46FD0BF-F3C7-4810-B3E6-49F3E6BCC11A}.Debug|iPhone.Build.0 = Debug|iPhone
		{A46FD0BF-F3C7-4810-B3E6-49F3E6BCC11A}.Debug|iPhoneSimulator.ActiveCfg = Debug|iPhoneSimulator
		{A46FD0BF-F3C7-4810-B3E6-49F3E6BCC11A}.Debug|iPhoneSimulator.Build.0 = Debug|iPhoneSimulator
		{A46FD0BF-F3C7-4810-B3E6-49F3E6BCC11A}.Debug|x64.ActiveCfg = Debug|iPhone
		{A46FD0BF-F3C7-4810-B3E6-49F3E6BCC11A}.Debug|x86.ActiveCfg = Debug|iPhone
		{A46FD0BF-F3C7-4810-B3E6-49F3E6BCC11A}.Release|AnyCPU.ActiveCfg = Release|iPhoneSimulator
		{A46FD0BF-F3C7-4810-B3E6-49F3E6BCC11A}.Release|AnyCPU.Build.0 = Release|iPhoneSimulator
		{A46FD0BF-F3C7-4810-B3E6-49F3E6BCC11A}.Release|ARM.ActiveCfg = Release|iPhone
		{A46FD0BF-F3C7-4810-B3E6-49F3E6BCC11A}.Release|iPhone.ActiveCfg = Release|iPhone
		{A46FD0BF-F3C7-4810-B3E6-49F3E6BCC11A}.Release|iPhone.Build.0 = Release|iPhone
		{A46FD0BF-F3C7-4810-B3E6-49F3E6BCC11A}.Release|iPhoneSimulator.ActiveCfg = Release|iPhoneSimulator
		{A46FD0BF-F3C7-4810-B3E6-49F3E6BCC11A}.Release|iPhoneSimulator.Build.0 = Release|iPhoneSimulator
		{A46FD0BF-F3C7-4810-B3E6-49F3E6BCC11A}.Release|x64.ActiveCfg = Release|iPhone
		{A46FD0BF-F3C7-4810-B3E6-49F3E6BCC11A}.Release|x86.ActiveCfg = Release|iPhone
	EndGlobalSection
	GlobalSection(SolutionProperties) = preSolution
		HideSolutionNode = FALSE
	EndGlobalSection
EndGlobal
