
Microsoft Visual Studio Solution File, Format Version 12.00
# Visual Studio 14
VisualStudioVersion = 14.0.25420.1
MinimumVisualStudioVersion = 10.0.40219.1
Project("{2150E333-8FDC-42A3-9474-1A3956D46DE8}") = "carouselView", "carouselView", "{DA6D8CF1-8A7E-462F-9D7F-7EBB7B418805}"
EndProject
Project("{2150E333-8FDC-42A3-9474-1A3956D46DE8}") = "src", "src", "{9A4CBB9A-1ABE-4DF6-B064-D85C1152600B}"
EndProject
Project("{2150E333-8FDC-42A3-9474-1A3956D46DE8}") = "build", "build", "{2840452A-8559-4440-AD3B-629E36981365}"
	ProjectSection(SolutionItems) = preProject
		build\.props = build\.props
	EndProjectSection
EndProject
Project("{2150E333-8FDC-42A3-9474-1A3956D46DE8}") = "dev", "dev", "{7318DCA7-1D22-442C-953F-6C1805EA0EF1}"
EndProject
Project("{2150E333-8FDC-42A3-9474-1A3956D46DE8}") = "test", "test", "{A072F618-8274-491F-9044-4CB0F99BD8C7}"
	ProjectSection(SolutionItems) = preProject
		build\test\.props = build\test\.props
	EndProjectSection
EndProject
Project("{FAE04EC0-301F-11D3-BF4B-00C04F79EFBC}") = "Build", "build\dev\Build\Build.csproj", "{8E9C4286-1AFB-48A6-AB17-180E14F47A9E}"
EndProject
Project("{FAE04EC0-301F-11D3-BF4B-00C04F79EFBC}") = "Build.Unit", "build\test\Unit\Build.Unit.csproj", "{C4C3E202-9A8A-4424-9167-514101DB2459}"
EndProject
Project("{D954291E-2A0B-460D-934E-DC6B0785DB48}") = ".repo", "..\.repo.shproj", "{384C5272-E40D-4849-93C8-E489912B7D1B}"
EndProject
Project("{FAE04EC0-301F-11D3-BF4B-00C04F79EFBC}") = "CarouselView.App", "carouselView\app\CarouselView.App.csproj", "{C52084E5-8F52-4786-AF47-F7075FFD7794}"
EndProject
Project("{FAE04EC0-301F-11D3-BF4B-00C04F79EFBC}") = "CarouselView", "carouselView\lib\CarouselView.csproj", "{67F9D3A8-F71E-4428-913F-C37AE82CDB24}"
EndProject
Project("{2150E333-8FDC-42A3-9474-1A3956D46DE8}") = "debugger", "debugger", "{1E791CE0-831F-4679-B75A-5A0F9A9EAC75}"
EndProject
Project("{FAE04EC0-301F-11D3-BF4B-00C04F79EFBC}") = "CarouselView.Test", "carouselView\aut\CarouselView.Test.csproj", "{96F54817-DA0A-4F40-A69C-0040BF5BE95D}"
EndProject
Project("{FAE04EC0-301F-11D3-BF4B-00C04F79EFBC}") = "CarouselView.App.Android", "carouselView\app\android\CarouselView.App.Android.csproj", "{ACE75430-A8EC-489D-AEA9-C3D7708AACDC}"
EndProject
Project("{FAE04EC0-301F-11D3-BF4B-00C04F79EFBC}") = "CarouselView.App.iOS", "carouselView\app\ios\CarouselView.App.iOS.csproj", "{09BD58E5-80C5-45F5-A506-663DA2FAB178}"
EndProject
Global
	GlobalSection(SharedMSBuildProjectFiles) = preSolution
		..\.repo.projitems*{384c5272-e40d-4849-93c8-e489912b7d1b}*SharedItemsImports = 13
	EndGlobalSection
	GlobalSection(SolutionConfigurationPlatforms) = preSolution
		Debug|[Package] = Debug|[Package]
		Debug|Android = Debug|Android
		Debug|iOS Phone = Debug|iOS Phone
		Debug|iOS Sim = Debug|iOS Sim
		Debug|iOS Uni Phone = Debug|iOS Uni Phone
		Debug|iOS Uni Sim = Debug|iOS Uni Sim
		Debug|Win Phone = Debug|Win Phone
		Debug|Win Tablet ARM = Debug|Win Tablet ARM
		Debug|Win Tablet x32 = Debug|Win Tablet x32
		Debug|Win Tablet x64 = Debug|Win Tablet x64
		Debug|Win Universal = Debug|Win Universal
		Release|[Package] = Release|[Package]
		Release|Android = Release|Android
		Release|iOS Phone = Release|iOS Phone
		Release|iOS Sim = Release|iOS Sim
		Release|iOS Uni Phone = Release|iOS Uni Phone
		Release|iOS Uni Sim = Release|iOS Uni Sim
		Release|Win Phone = Release|Win Phone
		Release|Win Tablet ARM = Release|Win Tablet ARM
		Release|Win Tablet x32 = Release|Win Tablet x32
		Release|Win Tablet x64 = Release|Win Tablet x64
		Release|Win Universal = Release|Win Universal
	EndGlobalSection
	GlobalSection(ProjectConfigurationPlatforms) = postSolution
		{8E9C4286-1AFB-48A6-AB17-180E14F47A9E}.Debug|[Package].ActiveCfg = debug|[none]
		{8E9C4286-1AFB-48A6-AB17-180E14F47A9E}.Debug|Android.ActiveCfg = debug|[none]
		{8E9C4286-1AFB-48A6-AB17-180E14F47A9E}.Debug|iOS Phone.ActiveCfg = debug|[none]
		{8E9C4286-1AFB-48A6-AB17-180E14F47A9E}.Debug|iOS Sim.ActiveCfg = debug|[none]
		{8E9C4286-1AFB-48A6-AB17-180E14F47A9E}.Debug|iOS Uni Phone.ActiveCfg = debug|[none]
		{8E9C4286-1AFB-48A6-AB17-180E14F47A9E}.Debug|iOS Uni Sim.ActiveCfg = debug|[none]
		{8E9C4286-1AFB-48A6-AB17-180E14F47A9E}.Debug|Win Phone.ActiveCfg = debug|[none]
		{8E9C4286-1AFB-48A6-AB17-180E14F47A9E}.Debug|Win Tablet ARM.ActiveCfg = debug|[none]
		{8E9C4286-1AFB-48A6-AB17-180E14F47A9E}.Debug|Win Tablet x32.ActiveCfg = debug|[none]
		{8E9C4286-1AFB-48A6-AB17-180E14F47A9E}.Debug|Win Tablet x64.ActiveCfg = debug|[none]
		{8E9C4286-1AFB-48A6-AB17-180E14F47A9E}.Debug|Win Universal.ActiveCfg = debug|[none]
		{8E9C4286-1AFB-48A6-AB17-180E14F47A9E}.Release|[Package].ActiveCfg = release|[none]
		{8E9C4286-1AFB-48A6-AB17-180E14F47A9E}.Release|Android.ActiveCfg = release|[none]
		{8E9C4286-1AFB-48A6-AB17-180E14F47A9E}.Release|iOS Phone.ActiveCfg = release|[none]
		{8E9C4286-1AFB-48A6-AB17-180E14F47A9E}.Release|iOS Sim.ActiveCfg = release|[none]
		{8E9C4286-1AFB-48A6-AB17-180E14F47A9E}.Release|iOS Uni Phone.ActiveCfg = release|[none]
		{8E9C4286-1AFB-48A6-AB17-180E14F47A9E}.Release|iOS Uni Sim.ActiveCfg = release|[none]
		{8E9C4286-1AFB-48A6-AB17-180E14F47A9E}.Release|Win Phone.ActiveCfg = release|[none]
		{8E9C4286-1AFB-48A6-AB17-180E14F47A9E}.Release|Win Tablet ARM.ActiveCfg = release|[none]
		{8E9C4286-1AFB-48A6-AB17-180E14F47A9E}.Release|Win Tablet x32.ActiveCfg = release|[none]
		{8E9C4286-1AFB-48A6-AB17-180E14F47A9E}.Release|Win Tablet x64.ActiveCfg = release|[none]
		{8E9C4286-1AFB-48A6-AB17-180E14F47A9E}.Release|Win Universal.ActiveCfg = release|[none]
		{C4C3E202-9A8A-4424-9167-514101DB2459}.Debug|[Package].ActiveCfg = debug|[none]
		{C4C3E202-9A8A-4424-9167-514101DB2459}.Debug|Android.ActiveCfg = debug|[none]
		{C4C3E202-9A8A-4424-9167-514101DB2459}.Debug|iOS Phone.ActiveCfg = debug|[none]
		{C4C3E202-9A8A-4424-9167-514101DB2459}.Debug|iOS Sim.ActiveCfg = debug|[none]
		{C4C3E202-9A8A-4424-9167-514101DB2459}.Debug|iOS Uni Phone.ActiveCfg = debug|[none]
		{C4C3E202-9A8A-4424-9167-514101DB2459}.Debug|iOS Uni Sim.ActiveCfg = debug|[none]
		{C4C3E202-9A8A-4424-9167-514101DB2459}.Debug|Win Phone.ActiveCfg = debug|[none]
		{C4C3E202-9A8A-4424-9167-514101DB2459}.Debug|Win Tablet ARM.ActiveCfg = debug|[none]
		{C4C3E202-9A8A-4424-9167-514101DB2459}.Debug|Win Tablet x32.ActiveCfg = debug|[none]
		{C4C3E202-9A8A-4424-9167-514101DB2459}.Debug|Win Tablet x64.ActiveCfg = debug|[none]
		{C4C3E202-9A8A-4424-9167-514101DB2459}.Debug|Win Universal.ActiveCfg = debug|[none]
		{C4C3E202-9A8A-4424-9167-514101DB2459}.Release|[Package].ActiveCfg = release|[none]
		{C4C3E202-9A8A-4424-9167-514101DB2459}.Release|Android.ActiveCfg = release|[none]
		{C4C3E202-9A8A-4424-9167-514101DB2459}.Release|iOS Phone.ActiveCfg = release|[none]
		{C4C3E202-9A8A-4424-9167-514101DB2459}.Release|iOS Sim.ActiveCfg = release|[none]
		{C4C3E202-9A8A-4424-9167-514101DB2459}.Release|iOS Uni Phone.ActiveCfg = release|[none]
		{C4C3E202-9A8A-4424-9167-514101DB2459}.Release|iOS Uni Sim.ActiveCfg = release|[none]
		{C4C3E202-9A8A-4424-9167-514101DB2459}.Release|Win Phone.ActiveCfg = release|[none]
		{C4C3E202-9A8A-4424-9167-514101DB2459}.Release|Win Tablet ARM.ActiveCfg = release|[none]
		{C4C3E202-9A8A-4424-9167-514101DB2459}.Release|Win Tablet x32.ActiveCfg = release|[none]
		{C4C3E202-9A8A-4424-9167-514101DB2459}.Release|Win Tablet x64.ActiveCfg = release|[none]
		{C4C3E202-9A8A-4424-9167-514101DB2459}.Release|Win Universal.ActiveCfg = release|[none]
		{C52084E5-8F52-4786-AF47-F7075FFD7794}.Debug|[Package].ActiveCfg = debug|[none]
		{C52084E5-8F52-4786-AF47-F7075FFD7794}.Debug|Android.ActiveCfg = debug|monoDroid.app
		{C52084E5-8F52-4786-AF47-F7075FFD7794}.Debug|Android.Build.0 = debug|monoDroid.app
		{C52084E5-8F52-4786-AF47-F7075FFD7794}.Debug|iOS Phone.ActiveCfg = debug|xamarin.ios.phone
		{C52084E5-8F52-4786-AF47-F7075FFD7794}.Debug|iOS Phone.Build.0 = debug|xamarin.ios.phone
		{C52084E5-8F52-4786-AF47-F7075FFD7794}.Debug|iOS Sim.ActiveCfg = debug|xamarin.ios.sim
		{C52084E5-8F52-4786-AF47-F7075FFD7794}.Debug|iOS Sim.Build.0 = debug|xamarin.ios.sim
		{C52084E5-8F52-4786-AF47-F7075FFD7794}.Debug|iOS Uni Phone.ActiveCfg = debug|xamarin.ios.phone
		{C52084E5-8F52-4786-AF47-F7075FFD7794}.Debug|iOS Uni Phone.Build.0 = debug|xamarin.ios.phone
		{C52084E5-8F52-4786-AF47-F7075FFD7794}.Debug|iOS Uni Sim.ActiveCfg = debug|xamarin.ios.sim
		{C52084E5-8F52-4786-AF47-F7075FFD7794}.Debug|iOS Uni Sim.Build.0 = debug|xamarin.ios.sim
		{C52084E5-8F52-4786-AF47-F7075FFD7794}.Debug|Win Phone.ActiveCfg = debug|wpa.32
		{C52084E5-8F52-4786-AF47-F7075FFD7794}.Debug|Win Phone.Build.0 = debug|wpa.32
		{C52084E5-8F52-4786-AF47-F7075FFD7794}.Debug|Win Tablet ARM.ActiveCfg = debug|win.arm
		{C52084E5-8F52-4786-AF47-F7075FFD7794}.Debug|Win Tablet ARM.Build.0 = debug|win.arm
		{C52084E5-8F52-4786-AF47-F7075FFD7794}.Debug|Win Tablet x32.ActiveCfg = debug|win.32
		{C52084E5-8F52-4786-AF47-F7075FFD7794}.Debug|Win Tablet x32.Build.0 = debug|win.32
		{C52084E5-8F52-4786-AF47-F7075FFD7794}.Debug|Win Tablet x64.ActiveCfg = debug|win.64
		{C52084E5-8F52-4786-AF47-F7075FFD7794}.Debug|Win Tablet x64.Build.0 = debug|win.64
		{C52084E5-8F52-4786-AF47-F7075FFD7794}.Debug|Win Universal.ActiveCfg = debug|uap.32
		{C52084E5-8F52-4786-AF47-F7075FFD7794}.Debug|Win Universal.Build.0 = debug|uap.32
		{C52084E5-8F52-4786-AF47-F7075FFD7794}.Release|[Package].ActiveCfg = release|[none]
		{C52084E5-8F52-4786-AF47-F7075FFD7794}.Release|Android.ActiveCfg = release|monoDroid.app
		{C52084E5-8F52-4786-AF47-F7075FFD7794}.Release|Android.Build.0 = release|monoDroid.app
		{C52084E5-8F52-4786-AF47-F7075FFD7794}.Release|iOS Phone.ActiveCfg = release|xamarin.ios.phone
		{C52084E5-8F52-4786-AF47-F7075FFD7794}.Release|iOS Phone.Build.0 = release|xamarin.ios.phone
		{C52084E5-8F52-4786-AF47-F7075FFD7794}.Release|iOS Sim.ActiveCfg = release|xamarin.ios.sim
		{C52084E5-8F52-4786-AF47-F7075FFD7794}.Release|iOS Sim.Build.0 = release|xamarin.ios.sim
		{C52084E5-8F52-4786-AF47-F7075FFD7794}.Release|iOS Uni Phone.ActiveCfg = release|xamarin.ios.phone
		{C52084E5-8F52-4786-AF47-F7075FFD7794}.Release|iOS Uni Phone.Build.0 = release|xamarin.ios.phone
		{C52084E5-8F52-4786-AF47-F7075FFD7794}.Release|iOS Uni Sim.ActiveCfg = release|xamarin.ios.sim
		{C52084E5-8F52-4786-AF47-F7075FFD7794}.Release|iOS Uni Sim.Build.0 = release|xamarin.ios.sim
		{C52084E5-8F52-4786-AF47-F7075FFD7794}.Release|Win Phone.ActiveCfg = release|wpa.32
		{C52084E5-8F52-4786-AF47-F7075FFD7794}.Release|Win Phone.Build.0 = release|wpa.32
		{C52084E5-8F52-4786-AF47-F7075FFD7794}.Release|Win Tablet ARM.ActiveCfg = release|win.arm
		{C52084E5-8F52-4786-AF47-F7075FFD7794}.Release|Win Tablet ARM.Build.0 = release|win.arm
		{C52084E5-8F52-4786-AF47-F7075FFD7794}.Release|Win Tablet x32.ActiveCfg = release|win.32
		{C52084E5-8F52-4786-AF47-F7075FFD7794}.Release|Win Tablet x32.Build.0 = release|win.32
		{C52084E5-8F52-4786-AF47-F7075FFD7794}.Release|Win Tablet x64.ActiveCfg = release|win.64
		{C52084E5-8F52-4786-AF47-F7075FFD7794}.Release|Win Tablet x64.Build.0 = release|win.64
		{C52084E5-8F52-4786-AF47-F7075FFD7794}.Release|Win Universal.ActiveCfg = release|uap.32
		{C52084E5-8F52-4786-AF47-F7075FFD7794}.Release|Win Universal.Build.0 = release|uap.32
		{67F9D3A8-F71E-4428-913F-C37AE82CDB24}.Debug|[Package].ActiveCfg = debug|pack
		{67F9D3A8-F71E-4428-913F-C37AE82CDB24}.Debug|[Package].Build.0 = debug|pack
		{67F9D3A8-F71E-4428-913F-C37AE82CDB24}.Debug|Android.ActiveCfg = debug|monoDroid
		{67F9D3A8-F71E-4428-913F-C37AE82CDB24}.Debug|Android.Build.0 = debug|monoDroid
		{67F9D3A8-F71E-4428-913F-C37AE82CDB24}.Debug|iOS Phone.ActiveCfg = debug|monoTouch
		{67F9D3A8-F71E-4428-913F-C37AE82CDB24}.Debug|iOS Phone.Build.0 = debug|monoTouch
		{67F9D3A8-F71E-4428-913F-C37AE82CDB24}.Debug|iOS Sim.ActiveCfg = debug|monoTouch
		{67F9D3A8-F71E-4428-913F-C37AE82CDB24}.Debug|iOS Sim.Build.0 = debug|monoTouch
		{67F9D3A8-F71E-4428-913F-C37AE82CDB24}.Debug|iOS Uni Phone.ActiveCfg = debug|xamarin.ios
		{67F9D3A8-F71E-4428-913F-C37AE82CDB24}.Debug|iOS Uni Phone.Build.0 = debug|xamarin.ios
		{67F9D3A8-F71E-4428-913F-C37AE82CDB24}.Debug|iOS Uni Sim.ActiveCfg = debug|xamarin.ios
		{67F9D3A8-F71E-4428-913F-C37AE82CDB24}.Debug|iOS Uni Sim.Build.0 = debug|xamarin.ios
		{67F9D3A8-F71E-4428-913F-C37AE82CDB24}.Debug|Win Phone.ActiveCfg = debug|wpa
		{67F9D3A8-F71E-4428-913F-C37AE82CDB24}.Debug|Win Phone.Build.0 = debug|wpa
		{67F9D3A8-F71E-4428-913F-C37AE82CDB24}.Debug|Win Tablet ARM.ActiveCfg = debug|win
		{67F9D3A8-F71E-4428-913F-C37AE82CDB24}.Debug|Win Tablet ARM.Build.0 = debug|win
		{67F9D3A8-F71E-4428-913F-C37AE82CDB24}.Debug|Win Tablet x32.ActiveCfg = debug|win
		{67F9D3A8-F71E-4428-913F-C37AE82CDB24}.Debug|Win Tablet x32.Build.0 = debug|win
		{67F9D3A8-F71E-4428-913F-C37AE82CDB24}.Debug|Win Tablet x64.ActiveCfg = debug|win
		{67F9D3A8-F71E-4428-913F-C37AE82CDB24}.Debug|Win Tablet x64.Build.0 = debug|win
		{67F9D3A8-F71E-4428-913F-C37AE82CDB24}.Debug|Win Universal.ActiveCfg = debug|uap
		{67F9D3A8-F71E-4428-913F-C37AE82CDB24}.Debug|Win Universal.Build.0 = debug|uap
		{67F9D3A8-F71E-4428-913F-C37AE82CDB24}.Release|[Package].ActiveCfg = release|pack
		{67F9D3A8-F71E-4428-913F-C37AE82CDB24}.Release|[Package].Build.0 = release|pack
		{67F9D3A8-F71E-4428-913F-C37AE82CDB24}.Release|Android.ActiveCfg = release|monoDroid
		{67F9D3A8-F71E-4428-913F-C37AE82CDB24}.Release|Android.Build.0 = release|monoDroid
		{67F9D3A8-F71E-4428-913F-C37AE82CDB24}.Release|iOS Phone.ActiveCfg = release|xamarin.ios
		{67F9D3A8-F71E-4428-913F-C37AE82CDB24}.Release|iOS Phone.Build.0 = release|xamarin.ios
		{67F9D3A8-F71E-4428-913F-C37AE82CDB24}.Release|iOS Sim.ActiveCfg = release|xamarin.ios
		{67F9D3A8-F71E-4428-913F-C37AE82CDB24}.Release|iOS Sim.Build.0 = release|xamarin.ios
		{67F9D3A8-F71E-4428-913F-C37AE82CDB24}.Release|iOS Uni Phone.ActiveCfg = release|xamarin.ios
		{67F9D3A8-F71E-4428-913F-C37AE82CDB24}.Release|iOS Uni Phone.Build.0 = release|xamarin.ios
		{67F9D3A8-F71E-4428-913F-C37AE82CDB24}.Release|iOS Uni Sim.ActiveCfg = release|xamarin.ios
		{67F9D3A8-F71E-4428-913F-C37AE82CDB24}.Release|iOS Uni Sim.Build.0 = release|xamarin.ios
		{67F9D3A8-F71E-4428-913F-C37AE82CDB24}.Release|Win Phone.ActiveCfg = release|wpa
		{67F9D3A8-F71E-4428-913F-C37AE82CDB24}.Release|Win Phone.Build.0 = release|wpa
		{67F9D3A8-F71E-4428-913F-C37AE82CDB24}.Release|Win Tablet ARM.ActiveCfg = release|win
		{67F9D3A8-F71E-4428-913F-C37AE82CDB24}.Release|Win Tablet ARM.Build.0 = release|win
		{67F9D3A8-F71E-4428-913F-C37AE82CDB24}.Release|Win Tablet x32.ActiveCfg = release|win
		{67F9D3A8-F71E-4428-913F-C37AE82CDB24}.Release|Win Tablet x32.Build.0 = release|win
		{67F9D3A8-F71E-4428-913F-C37AE82CDB24}.Release|Win Tablet x64.ActiveCfg = release|win
		{67F9D3A8-F71E-4428-913F-C37AE82CDB24}.Release|Win Tablet x64.Build.0 = release|win
		{67F9D3A8-F71E-4428-913F-C37AE82CDB24}.Release|Win Universal.ActiveCfg = release|uap
		{67F9D3A8-F71E-4428-913F-C37AE82CDB24}.Release|Win Universal.Build.0 = release|uap
		{96F54817-DA0A-4F40-A69C-0040BF5BE95D}.Debug|[Package].ActiveCfg = debug|[none]
		{96F54817-DA0A-4F40-A69C-0040BF5BE95D}.Debug|Android.ActiveCfg = debug|android.aut
		{96F54817-DA0A-4F40-A69C-0040BF5BE95D}.Debug|Android.Build.0 = debug|android.aut
		{96F54817-DA0A-4F40-A69C-0040BF5BE95D}.Debug|iOS Phone.ActiveCfg = debug|[none]
		{96F54817-DA0A-4F40-A69C-0040BF5BE95D}.Debug|iOS Sim.ActiveCfg = debug|[none]
		{96F54817-DA0A-4F40-A69C-0040BF5BE95D}.Debug|iOS Uni Phone.ActiveCfg = debug|ios.aut
		{96F54817-DA0A-4F40-A69C-0040BF5BE95D}.Debug|iOS Uni Phone.Build.0 = debug|ios.aut
		{96F54817-DA0A-4F40-A69C-0040BF5BE95D}.Debug|iOS Uni Sim.ActiveCfg = debug|ios.aut
		{96F54817-DA0A-4F40-A69C-0040BF5BE95D}.Debug|iOS Uni Sim.Build.0 = debug|ios.aut
		{96F54817-DA0A-4F40-A69C-0040BF5BE95D}.Debug|Win Phone.ActiveCfg = debug|[none]
		{96F54817-DA0A-4F40-A69C-0040BF5BE95D}.Debug|Win Tablet ARM.ActiveCfg = debug|[none]
		{96F54817-DA0A-4F40-A69C-0040BF5BE95D}.Debug|Win Tablet x32.ActiveCfg = debug|[none]
		{96F54817-DA0A-4F40-A69C-0040BF5BE95D}.Debug|Win Tablet x64.ActiveCfg = debug|[none]
		{96F54817-DA0A-4F40-A69C-0040BF5BE95D}.Debug|Win Universal.ActiveCfg = debug|[none]
		{96F54817-DA0A-4F40-A69C-0040BF5BE95D}.Release|[Package].ActiveCfg = release|[none]
		{96F54817-DA0A-4F40-A69C-0040BF5BE95D}.Release|Android.ActiveCfg = release|android.aut
		{96F54817-DA0A-4F40-A69C-0040BF5BE95D}.Release|Android.Build.0 = release|android.aut
		{96F54817-DA0A-4F40-A69C-0040BF5BE95D}.Release|iOS Phone.ActiveCfg = release|[none]
		{96F54817-DA0A-4F40-A69C-0040BF5BE95D}.Release|iOS Sim.ActiveCfg = release|[none]
		{96F54817-DA0A-4F40-A69C-0040BF5BE95D}.Release|iOS Uni Phone.ActiveCfg = release|ios.aut
		{96F54817-DA0A-4F40-A69C-0040BF5BE95D}.Release|iOS Uni Phone.Build.0 = release|ios.aut
		{96F54817-DA0A-4F40-A69C-0040BF5BE95D}.Release|iOS Uni Sim.ActiveCfg = release|ios.aut
		{96F54817-DA0A-4F40-A69C-0040BF5BE95D}.Release|iOS Uni Sim.Build.0 = release|ios.aut
		{96F54817-DA0A-4F40-A69C-0040BF5BE95D}.Release|Win Phone.ActiveCfg = release|[none]
		{96F54817-DA0A-4F40-A69C-0040BF5BE95D}.Release|Win Tablet ARM.ActiveCfg = release|[none]
		{96F54817-DA0A-4F40-A69C-0040BF5BE95D}.Release|Win Tablet x32.ActiveCfg = release|[none]
		{96F54817-DA0A-4F40-A69C-0040BF5BE95D}.Release|Win Tablet x64.ActiveCfg = release|[none]
		{96F54817-DA0A-4F40-A69C-0040BF5BE95D}.Release|Win Universal.ActiveCfg = release|[none]
		{ACE75430-A8EC-489D-AEA9-C3D7708AACDC}.Debug|[Package].ActiveCfg = debug|[none]
		{ACE75430-A8EC-489D-AEA9-C3D7708AACDC}.Debug|Android.ActiveCfg = debug|monoDroid.app
		{ACE75430-A8EC-489D-AEA9-C3D7708AACDC}.Debug|Android.Build.0 = debug|monoDroid.app
		{ACE75430-A8EC-489D-AEA9-C3D7708AACDC}.Debug|Android.Deploy.0 = debug|monoDroid.app
		{ACE75430-A8EC-489D-AEA9-C3D7708AACDC}.Debug|iOS Phone.ActiveCfg = debug|[none]
		{ACE75430-A8EC-489D-AEA9-C3D7708AACDC}.Debug|iOS Sim.ActiveCfg = debug|[none]
		{ACE75430-A8EC-489D-AEA9-C3D7708AACDC}.Debug|iOS Uni Phone.ActiveCfg = debug|[none]
		{ACE75430-A8EC-489D-AEA9-C3D7708AACDC}.Debug|iOS Uni Sim.ActiveCfg = debug|[none]
		{ACE75430-A8EC-489D-AEA9-C3D7708AACDC}.Debug|Win Phone.ActiveCfg = debug|[none]
		{ACE75430-A8EC-489D-AEA9-C3D7708AACDC}.Debug|Win Tablet ARM.ActiveCfg = debug|[none]
		{ACE75430-A8EC-489D-AEA9-C3D7708AACDC}.Debug|Win Tablet x32.ActiveCfg = debug|[none]
		{ACE75430-A8EC-489D-AEA9-C3D7708AACDC}.Debug|Win Tablet x64.ActiveCfg = debug|[none]
		{ACE75430-A8EC-489D-AEA9-C3D7708AACDC}.Debug|Win Universal.ActiveCfg = debug|[none]
		{ACE75430-A8EC-489D-AEA9-C3D7708AACDC}.Release|[Package].ActiveCfg = release|[none]
		{ACE75430-A8EC-489D-AEA9-C3D7708AACDC}.Release|Android.ActiveCfg = release|monoDroid.app
		{ACE75430-A8EC-489D-AEA9-C3D7708AACDC}.Release|Android.Build.0 = release|monoDroid.app
		{ACE75430-A8EC-489D-AEA9-C3D7708AACDC}.Release|Android.Deploy.0 = release|monoDroid.app
		{ACE75430-A8EC-489D-AEA9-C3D7708AACDC}.Release|iOS Phone.ActiveCfg = release|[none]
		{ACE75430-A8EC-489D-AEA9-C3D7708AACDC}.Release|iOS Sim.ActiveCfg = release|[none]
		{ACE75430-A8EC-489D-AEA9-C3D7708AACDC}.Release|iOS Uni Phone.ActiveCfg = release|[none]
		{ACE75430-A8EC-489D-AEA9-C3D7708AACDC}.Release|iOS Uni Sim.ActiveCfg = release|[none]
		{ACE75430-A8EC-489D-AEA9-C3D7708AACDC}.Release|Win Phone.ActiveCfg = release|[none]
		{ACE75430-A8EC-489D-AEA9-C3D7708AACDC}.Release|Win Tablet ARM.ActiveCfg = release|[none]
		{ACE75430-A8EC-489D-AEA9-C3D7708AACDC}.Release|Win Tablet x32.ActiveCfg = release|[none]
		{ACE75430-A8EC-489D-AEA9-C3D7708AACDC}.Release|Win Tablet x64.ActiveCfg = release|[none]
		{ACE75430-A8EC-489D-AEA9-C3D7708AACDC}.Release|Win Universal.ActiveCfg = release|[none]
		{09BD58E5-80C5-45F5-A506-663DA2FAB178}.Debug|[Package].ActiveCfg = debug|[none]
		{09BD58E5-80C5-45F5-A506-663DA2FAB178}.Debug|Android.ActiveCfg = debug|[none]
		{09BD58E5-80C5-45F5-A506-663DA2FAB178}.Debug|iOS Phone.ActiveCfg = debug|[none]
		{09BD58E5-80C5-45F5-A506-663DA2FAB178}.Debug|iOS Sim.ActiveCfg = debug|[none]
		{09BD58E5-80C5-45F5-A506-663DA2FAB178}.Debug|iOS Uni Phone.ActiveCfg = debug|iPhone
		{09BD58E5-80C5-45F5-A506-663DA2FAB178}.Debug|iOS Uni Sim.ActiveCfg = debug|iPhoneSimulator
		{09BD58E5-80C5-45F5-A506-663DA2FAB178}.Debug|iOS Uni Sim.Build.0 = debug|iPhoneSimulator
		{09BD58E5-80C5-45F5-A506-663DA2FAB178}.Debug|Win Phone.ActiveCfg = debug|[none]
		{09BD58E5-80C5-45F5-A506-663DA2FAB178}.Debug|Win Tablet ARM.ActiveCfg = debug|[none]
		{09BD58E5-80C5-45F5-A506-663DA2FAB178}.Debug|Win Tablet x32.ActiveCfg = debug|[none]
		{09BD58E5-80C5-45F5-A506-663DA2FAB178}.Debug|Win Tablet x64.ActiveCfg = debug|[none]
		{09BD58E5-80C5-45F5-A506-663DA2FAB178}.Debug|Win Universal.ActiveCfg = debug|[none]
		{09BD58E5-80C5-45F5-A506-663DA2FAB178}.Release|[Package].ActiveCfg = release|[none]
		{09BD58E5-80C5-45F5-A506-663DA2FAB178}.Release|Android.ActiveCfg = release|[none]
		{09BD58E5-80C5-45F5-A506-663DA2FAB178}.Release|iOS Phone.ActiveCfg = release|[none]
		{09BD58E5-80C5-45F5-A506-663DA2FAB178}.Release|iOS Sim.ActiveCfg = release|[none]
		{09BD58E5-80C5-45F5-A506-663DA2FAB178}.Release|iOS Uni Phone.ActiveCfg = release|iPhone
		{09BD58E5-80C5-45F5-A506-663DA2FAB178}.Release|iOS Uni Sim.ActiveCfg = release|iPhone
		{09BD58E5-80C5-45F5-A506-663DA2FAB178}.Release|Win Phone.ActiveCfg = release|[none]
		{09BD58E5-80C5-45F5-A506-663DA2FAB178}.Release|Win Tablet ARM.ActiveCfg = release|[none]
		{09BD58E5-80C5-45F5-A506-663DA2FAB178}.Release|Win Tablet x32.ActiveCfg = release|[none]
		{09BD58E5-80C5-45F5-A506-663DA2FAB178}.Release|Win Tablet x64.ActiveCfg = release|[none]
		{09BD58E5-80C5-45F5-A506-663DA2FAB178}.Release|Win Universal.ActiveCfg = release|[none]
	EndGlobalSection
	GlobalSection(SolutionProperties) = preSolution
		HideSolutionNode = FALSE
	EndGlobalSection
	GlobalSection(NestedProjects) = preSolution
		{DA6D8CF1-8A7E-462F-9D7F-7EBB7B418805} = {9A4CBB9A-1ABE-4DF6-B064-D85C1152600B}
		{2840452A-8559-4440-AD3B-629E36981365} = {9A4CBB9A-1ABE-4DF6-B064-D85C1152600B}
		{7318DCA7-1D22-442C-953F-6C1805EA0EF1} = {2840452A-8559-4440-AD3B-629E36981365}
		{A072F618-8274-491F-9044-4CB0F99BD8C7} = {2840452A-8559-4440-AD3B-629E36981365}
		{8E9C4286-1AFB-48A6-AB17-180E14F47A9E} = {7318DCA7-1D22-442C-953F-6C1805EA0EF1}
		{C4C3E202-9A8A-4424-9167-514101DB2459} = {A072F618-8274-491F-9044-4CB0F99BD8C7}
		{C52084E5-8F52-4786-AF47-F7075FFD7794} = {DA6D8CF1-8A7E-462F-9D7F-7EBB7B418805}
		{67F9D3A8-F71E-4428-913F-C37AE82CDB24} = {DA6D8CF1-8A7E-462F-9D7F-7EBB7B418805}
		{1E791CE0-831F-4679-B75A-5A0F9A9EAC75} = {DA6D8CF1-8A7E-462F-9D7F-7EBB7B418805}
		{96F54817-DA0A-4F40-A69C-0040BF5BE95D} = {DA6D8CF1-8A7E-462F-9D7F-7EBB7B418805}
		{ACE75430-A8EC-489D-AEA9-C3D7708AACDC} = {1E791CE0-831F-4679-B75A-5A0F9A9EAC75}
		{09BD58E5-80C5-45F5-A506-663DA2FAB178} = {1E791CE0-831F-4679-B75A-5A0F9A9EAC75}
	EndGlobalSection
EndGlobal
