
Microsoft Visual Studio Solution File, Format Version 12.00
# Visual Studio 14
VisualStudioVersion = 14.0.25420.1
MinimumVisualStudioVersion = 10.0.40219.1
Project("{2150E333-8FDC-42A3-9474-1A3956D46DE8}") = "carouselView", "carouselView", "{DA6D8CF1-8A7E-462F-9D7F-7EBB7B418805}"
EndProject
Project("{2150E333-8FDC-42A3-9474-1A3956D46DE8}") = "src", "src", "{9A4CBB9A-1ABE-4DF6-B064-D85C1152600B}"
EndProject
Project("{D954291E-2A0B-460D-934E-DC6B0785DB48}") = ".repo", "..\.repo.shproj", "{384C5272-E40D-4849-93C8-E489912B7D1B}"
EndProject
Project("{FAE04EC0-301F-11D3-BF4B-00C04F79EFBC}") = "CarouselView.App", "carouselView\app\CarouselView.App.csproj", "{C52084E5-8F52-4786-AF47-F7075FFD7794}"
EndProject
Project("{FAE04EC0-301F-11D3-BF4B-00C04F79EFBC}") = "CarouselView", "carouselView\lib\CarouselView.csproj", "{67F9D3A8-F71E-4428-913F-C37AE82CDB24}"
EndProject
Project("{2150E333-8FDC-42A3-9474-1A3956D46DE8}") = "debugger", "debugger", "{1E791CE0-831F-4679-B75A-5A0F9A9EAC75}"
EndProject
Project("{FAE04EC0-301F-11D3-BF4B-00C04F79EFBC}") = "CarouselView.Test", "carouselView\aut\CarouselView.Test.csproj", "{96F54817-DA0A-4F40-A69C-0040BF5BE95D}"
EndProject
Project("{FAE04EC0-301F-11D3-BF4B-00C04F79EFBC}") = "CarouselView.App.Android", "carouselView\app\android\CarouselView.App.Android.csproj", "{ACE75430-A8EC-489D-AEA9-C3D7708AACDC}"
EndProject
Project("{FAE04EC0-301F-11D3-BF4B-00C04F79EFBC}") = "CarouselView.App.iOS", "carouselView\app\ios\CarouselView.App.iOS.csproj", "{09BD58E5-80C5-45F5-A506-663DA2FAB178}"
EndProject
Project("{D954291E-2A0B-460D-934E-DC6B0785DB48}") = "mxbuild", "..\sub\mxbuild\mxbuild.shproj", "{2FDD0418-FA09-4556-B6ED-10E07C1F6DB9}"
EndProject
Global
	GlobalSection(SharedMSBuildProjectFiles) = preSolution
		..\sub\mxbuild\mxbuild.projitems*{2fdd0418-fa09-4556-b6ed-10e07c1f6db9}*SharedItemsImports = 13
		..\.repo.projitems*{384c5272-e40d-4849-93c8-e489912b7d1b}*SharedItemsImports = 13
	EndGlobalSection
	GlobalSection(SolutionConfigurationPlatforms) = preSolution
		Debug|[Package] = Debug|[Package]
		Debug|Android = Debug|Android
		Debug|Desktop = Debug|Desktop
		Debug|iOS = Debug|iOS
		Debug|iOS (sim) = Debug|iOS (sim)
		Debug|iOS Unified = Debug|iOS Unified
		Debug|iOS Unified (sim) = Debug|iOS Unified (sim)
		Debug|Win Phone = Debug|Win Phone
		Debug|Win Tablet (arm) = Debug|Win Tablet (arm)
		Debug|Win Tablet (x32) = Debug|Win Tablet (x32)
		Debug|Win Tablet (x64) = Debug|Win Tablet (x64)
		Debug|Win Universal = Debug|Win Universal
		Release|[Package] = Release|[Package]
		Release|Android = Release|Android
		Release|Desktop = Release|Desktop
		Release|iOS = Release|iOS
		Release|iOS (sim) = Release|iOS (sim)
		Release|iOS Unified = Release|iOS Unified
		Release|iOS Unified (sim) = Release|iOS Unified (sim)
		Release|Win Phone = Release|Win Phone
		Release|Win Tablet (arm) = Release|Win Tablet (arm)
		Release|Win Tablet (x32) = Release|Win Tablet (x32)
		Release|Win Tablet (x64) = Release|Win Tablet (x64)
		Release|Win Universal = Release|Win Universal
	EndGlobalSection
	GlobalSection(ProjectConfigurationPlatforms) = postSolution
		{C52084E5-8F52-4786-AF47-F7075FFD7794}.Debug|[Package].ActiveCfg = debug|[none]
		{C52084E5-8F52-4786-AF47-F7075FFD7794}.Debug|Android.ActiveCfg = debug|monoDroid.app
		{C52084E5-8F52-4786-AF47-F7075FFD7794}.Debug|Android.Build.0 = debug|monoDroid.app
		{C52084E5-8F52-4786-AF47-F7075FFD7794}.Debug|Desktop.ActiveCfg = debug|[none]
		{C52084E5-8F52-4786-AF47-F7075FFD7794}.Debug|iOS.ActiveCfg = debug|xamarin.ios.phone
		{C52084E5-8F52-4786-AF47-F7075FFD7794}.Debug|iOS.Build.0 = debug|xamarin.ios.phone
		{C52084E5-8F52-4786-AF47-F7075FFD7794}.Debug|iOS (sim).ActiveCfg = debug|xamarin.ios.sim
		{C52084E5-8F52-4786-AF47-F7075FFD7794}.Debug|iOS (sim).Build.0 = debug|xamarin.ios.sim
		{C52084E5-8F52-4786-AF47-F7075FFD7794}.Debug|iOS Unified.ActiveCfg = debug|xamarin.ios.phone
		{C52084E5-8F52-4786-AF47-F7075FFD7794}.Debug|iOS Unified.Build.0 = debug|xamarin.ios.phone
		{C52084E5-8F52-4786-AF47-F7075FFD7794}.Debug|iOS Unified (sim).ActiveCfg = debug|xamarin.ios.sim
		{C52084E5-8F52-4786-AF47-F7075FFD7794}.Debug|iOS Unified (sim).Build.0 = debug|xamarin.ios.sim
		{C52084E5-8F52-4786-AF47-F7075FFD7794}.Debug|Win Phone.ActiveCfg = debug|wpa.32
		{C52084E5-8F52-4786-AF47-F7075FFD7794}.Debug|Win Phone.Build.0 = debug|wpa.32
		{C52084E5-8F52-4786-AF47-F7075FFD7794}.Debug|Win Tablet (arm).ActiveCfg = debug|win.arm
		{C52084E5-8F52-4786-AF47-F7075FFD7794}.Debug|Win Tablet (arm).Build.0 = debug|win.arm
		{C52084E5-8F52-4786-AF47-F7075FFD7794}.Debug|Win Tablet (x32).ActiveCfg = debug|win.32
		{C52084E5-8F52-4786-AF47-F7075FFD7794}.Debug|Win Tablet (x32).Build.0 = debug|win.32
		{C52084E5-8F52-4786-AF47-F7075FFD7794}.Debug|Win Tablet (x64).ActiveCfg = debug|win.64
		{C52084E5-8F52-4786-AF47-F7075FFD7794}.Debug|Win Tablet (x64).Build.0 = debug|win.64
		{C52084E5-8F52-4786-AF47-F7075FFD7794}.Debug|Win Universal.ActiveCfg = debug|uap.32
		{C52084E5-8F52-4786-AF47-F7075FFD7794}.Debug|Win Universal.Build.0 = debug|uap.32
		{C52084E5-8F52-4786-AF47-F7075FFD7794}.Release|[Package].ActiveCfg = release|[none]
		{C52084E5-8F52-4786-AF47-F7075FFD7794}.Release|Android.ActiveCfg = release|monoDroid.app
		{C52084E5-8F52-4786-AF47-F7075FFD7794}.Release|Android.Build.0 = release|monoDroid.app
		{C52084E5-8F52-4786-AF47-F7075FFD7794}.Release|Desktop.ActiveCfg = release|[none]
		{C52084E5-8F52-4786-AF47-F7075FFD7794}.Release|iOS.ActiveCfg = release|xamarin.ios.phone
		{C52084E5-8F52-4786-AF47-F7075FFD7794}.Release|iOS.Build.0 = release|xamarin.ios.phone
		{C52084E5-8F52-4786-AF47-F7075FFD7794}.Release|iOS (sim).ActiveCfg = release|xamarin.ios.sim
		{C52084E5-8F52-4786-AF47-F7075FFD7794}.Release|iOS (sim).Build.0 = release|xamarin.ios.sim
		{C52084E5-8F52-4786-AF47-F7075FFD7794}.Release|iOS Unified.ActiveCfg = release|xamarin.ios.phone
		{C52084E5-8F52-4786-AF47-F7075FFD7794}.Release|iOS Unified.Build.0 = release|xamarin.ios.phone
		{C52084E5-8F52-4786-AF47-F7075FFD7794}.Release|iOS Unified (sim).ActiveCfg = release|xamarin.ios.sim
		{C52084E5-8F52-4786-AF47-F7075FFD7794}.Release|iOS Unified (sim).Build.0 = release|xamarin.ios.sim
		{C52084E5-8F52-4786-AF47-F7075FFD7794}.Release|Win Phone.ActiveCfg = release|wpa.32
		{C52084E5-8F52-4786-AF47-F7075FFD7794}.Release|Win Phone.Build.0 = release|wpa.32
		{C52084E5-8F52-4786-AF47-F7075FFD7794}.Release|Win Tablet (arm).ActiveCfg = release|win.arm
		{C52084E5-8F52-4786-AF47-F7075FFD7794}.Release|Win Tablet (arm).Build.0 = release|win.arm
		{C52084E5-8F52-4786-AF47-F7075FFD7794}.Release|Win Tablet (x32).ActiveCfg = release|win.32
		{C52084E5-8F52-4786-AF47-F7075FFD7794}.Release|Win Tablet (x32).Build.0 = release|win.32
		{C52084E5-8F52-4786-AF47-F7075FFD7794}.Release|Win Tablet (x64).ActiveCfg = release|win.64
		{C52084E5-8F52-4786-AF47-F7075FFD7794}.Release|Win Tablet (x64).Build.0 = release|win.64
		{C52084E5-8F52-4786-AF47-F7075FFD7794}.Release|Win Universal.ActiveCfg = release|uap.32
		{C52084E5-8F52-4786-AF47-F7075FFD7794}.Release|Win Universal.Build.0 = release|uap.32
		{67F9D3A8-F71E-4428-913F-C37AE82CDB24}.Debug|[Package].ActiveCfg = debug|pack
		{67F9D3A8-F71E-4428-913F-C37AE82CDB24}.Debug|[Package].Build.0 = debug|pack
		{67F9D3A8-F71E-4428-913F-C37AE82CDB24}.Debug|Android.ActiveCfg = debug|monoDroid
		{67F9D3A8-F71E-4428-913F-C37AE82CDB24}.Debug|Android.Build.0 = debug|monoDroid
		{67F9D3A8-F71E-4428-913F-C37AE82CDB24}.Debug|Desktop.ActiveCfg = debug|[none]
		{67F9D3A8-F71E-4428-913F-C37AE82CDB24}.Debug|iOS.ActiveCfg = debug|dotnet
		{67F9D3A8-F71E-4428-913F-C37AE82CDB24}.Debug|iOS (sim).ActiveCfg = debug|dotnet
		{67F9D3A8-F71E-4428-913F-C37AE82CDB24}.Debug|iOS Unified.ActiveCfg = debug|xamarin.ios
		{67F9D3A8-F71E-4428-913F-C37AE82CDB24}.Debug|iOS Unified.Build.0 = debug|xamarin.ios
		{67F9D3A8-F71E-4428-913F-C37AE82CDB24}.Debug|iOS Unified (sim).ActiveCfg = debug|xamarin.ios
		{67F9D3A8-F71E-4428-913F-C37AE82CDB24}.Debug|iOS Unified (sim).Build.0 = debug|xamarin.ios
		{67F9D3A8-F71E-4428-913F-C37AE82CDB24}.Debug|Win Phone.ActiveCfg = debug|wpa
		{67F9D3A8-F71E-4428-913F-C37AE82CDB24}.Debug|Win Phone.Build.0 = debug|wpa
		{67F9D3A8-F71E-4428-913F-C37AE82CDB24}.Debug|Win Tablet (arm).ActiveCfg = debug|win
		{67F9D3A8-F71E-4428-913F-C37AE82CDB24}.Debug|Win Tablet (arm).Build.0 = debug|win
		{67F9D3A8-F71E-4428-913F-C37AE82CDB24}.Debug|Win Tablet (x32).ActiveCfg = debug|win
		{67F9D3A8-F71E-4428-913F-C37AE82CDB24}.Debug|Win Tablet (x32).Build.0 = debug|win
		{67F9D3A8-F71E-4428-913F-C37AE82CDB24}.Debug|Win Tablet (x64).ActiveCfg = debug|win
		{67F9D3A8-F71E-4428-913F-C37AE82CDB24}.Debug|Win Tablet (x64).Build.0 = debug|win
		{67F9D3A8-F71E-4428-913F-C37AE82CDB24}.Debug|Win Universal.ActiveCfg = debug|uap
		{67F9D3A8-F71E-4428-913F-C37AE82CDB24}.Debug|Win Universal.Build.0 = debug|uap
		{67F9D3A8-F71E-4428-913F-C37AE82CDB24}.Release|[Package].ActiveCfg = release|pack
		{67F9D3A8-F71E-4428-913F-C37AE82CDB24}.Release|[Package].Build.0 = release|pack
		{67F9D3A8-F71E-4428-913F-C37AE82CDB24}.Release|Android.ActiveCfg = release|monoDroid
		{67F9D3A8-F71E-4428-913F-C37AE82CDB24}.Release|Android.Build.0 = release|monoDroid
		{67F9D3A8-F71E-4428-913F-C37AE82CDB24}.Release|Desktop.ActiveCfg = release|[none]
		{67F9D3A8-F71E-4428-913F-C37AE82CDB24}.Release|iOS.ActiveCfg = release|xamarin.ios
		{67F9D3A8-F71E-4428-913F-C37AE82CDB24}.Release|iOS.Build.0 = release|xamarin.ios
		{67F9D3A8-F71E-4428-913F-C37AE82CDB24}.Release|iOS (sim).ActiveCfg = release|xamarin.ios
		{67F9D3A8-F71E-4428-913F-C37AE82CDB24}.Release|iOS (sim).Build.0 = release|xamarin.ios
		{67F9D3A8-F71E-4428-913F-C37AE82CDB24}.Release|iOS Unified.ActiveCfg = release|xamarin.ios
		{67F9D3A8-F71E-4428-913F-C37AE82CDB24}.Release|iOS Unified.Build.0 = release|xamarin.ios
		{67F9D3A8-F71E-4428-913F-C37AE82CDB24}.Release|iOS Unified (sim).ActiveCfg = release|xamarin.ios
		{67F9D3A8-F71E-4428-913F-C37AE82CDB24}.Release|iOS Unified (sim).Build.0 = release|xamarin.ios
		{67F9D3A8-F71E-4428-913F-C37AE82CDB24}.Release|Win Phone.ActiveCfg = release|wpa
		{67F9D3A8-F71E-4428-913F-C37AE82CDB24}.Release|Win Phone.Build.0 = release|wpa
		{67F9D3A8-F71E-4428-913F-C37AE82CDB24}.Release|Win Tablet (arm).ActiveCfg = release|win
		{67F9D3A8-F71E-4428-913F-C37AE82CDB24}.Release|Win Tablet (arm).Build.0 = release|win
		{67F9D3A8-F71E-4428-913F-C37AE82CDB24}.Release|Win Tablet (x32).ActiveCfg = release|win
		{67F9D3A8-F71E-4428-913F-C37AE82CDB24}.Release|Win Tablet (x32).Build.0 = release|win
		{67F9D3A8-F71E-4428-913F-C37AE82CDB24}.Release|Win Tablet (x64).ActiveCfg = release|win
		{67F9D3A8-F71E-4428-913F-C37AE82CDB24}.Release|Win Tablet (x64).Build.0 = release|win
		{67F9D3A8-F71E-4428-913F-C37AE82CDB24}.Release|Win Universal.ActiveCfg = release|uap
		{67F9D3A8-F71E-4428-913F-C37AE82CDB24}.Release|Win Universal.Build.0 = release|uap
		{96F54817-DA0A-4F40-A69C-0040BF5BE95D}.Debug|[Package].ActiveCfg = debug|[none]
		{96F54817-DA0A-4F40-A69C-0040BF5BE95D}.Debug|Android.ActiveCfg = debug|android.aut
		{96F54817-DA0A-4F40-A69C-0040BF5BE95D}.Debug|Android.Build.0 = debug|android.aut
		{96F54817-DA0A-4F40-A69C-0040BF5BE95D}.Debug|Desktop.ActiveCfg = debug|[none]
		{96F54817-DA0A-4F40-A69C-0040BF5BE95D}.Debug|iOS.ActiveCfg = debug|ios.aut
		{96F54817-DA0A-4F40-A69C-0040BF5BE95D}.Debug|iOS.Build.0 = debug|ios.aut
		{96F54817-DA0A-4F40-A69C-0040BF5BE95D}.Debug|iOS (sim).ActiveCfg = debug|ios.aut
		{96F54817-DA0A-4F40-A69C-0040BF5BE95D}.Debug|iOS (sim).Build.0 = debug|ios.aut
		{96F54817-DA0A-4F40-A69C-0040BF5BE95D}.Debug|iOS Unified.ActiveCfg = debug|ios.aut
		{96F54817-DA0A-4F40-A69C-0040BF5BE95D}.Debug|iOS Unified.Build.0 = debug|ios.aut
		{96F54817-DA0A-4F40-A69C-0040BF5BE95D}.Debug|iOS Unified (sim).ActiveCfg = debug|ios.aut
		{96F54817-DA0A-4F40-A69C-0040BF5BE95D}.Debug|iOS Unified (sim).Build.0 = debug|ios.aut
		{96F54817-DA0A-4F40-A69C-0040BF5BE95D}.Debug|Win Phone.ActiveCfg = debug|[none]
		{96F54817-DA0A-4F40-A69C-0040BF5BE95D}.Debug|Win Tablet (arm).ActiveCfg = debug|[none]
		{96F54817-DA0A-4F40-A69C-0040BF5BE95D}.Debug|Win Tablet (x32).ActiveCfg = debug|[none]
		{96F54817-DA0A-4F40-A69C-0040BF5BE95D}.Debug|Win Tablet (x64).ActiveCfg = debug|[none]
		{96F54817-DA0A-4F40-A69C-0040BF5BE95D}.Debug|Win Universal.ActiveCfg = debug|[none]
		{96F54817-DA0A-4F40-A69C-0040BF5BE95D}.Release|[Package].ActiveCfg = release|[none]
		{96F54817-DA0A-4F40-A69C-0040BF5BE95D}.Release|Android.ActiveCfg = release|android.aut
		{96F54817-DA0A-4F40-A69C-0040BF5BE95D}.Release|Android.Build.0 = release|android.aut
		{96F54817-DA0A-4F40-A69C-0040BF5BE95D}.Release|Desktop.ActiveCfg = release|[none]
		{96F54817-DA0A-4F40-A69C-0040BF5BE95D}.Release|iOS.ActiveCfg = release|ios.aut
		{96F54817-DA0A-4F40-A69C-0040BF5BE95D}.Release|iOS.Build.0 = release|ios.aut
		{96F54817-DA0A-4F40-A69C-0040BF5BE95D}.Release|iOS (sim).ActiveCfg = release|ios.aut
		{96F54817-DA0A-4F40-A69C-0040BF5BE95D}.Release|iOS (sim).Build.0 = release|ios.aut
		{96F54817-DA0A-4F40-A69C-0040BF5BE95D}.Release|iOS Unified.ActiveCfg = release|ios.aut
		{96F54817-DA0A-4F40-A69C-0040BF5BE95D}.Release|iOS Unified.Build.0 = release|ios.aut
		{96F54817-DA0A-4F40-A69C-0040BF5BE95D}.Release|iOS Unified (sim).ActiveCfg = release|ios.aut
		{96F54817-DA0A-4F40-A69C-0040BF5BE95D}.Release|iOS Unified (sim).Build.0 = release|ios.aut
		{96F54817-DA0A-4F40-A69C-0040BF5BE95D}.Release|Win Phone.ActiveCfg = release|[none]
		{96F54817-DA0A-4F40-A69C-0040BF5BE95D}.Release|Win Tablet (arm).ActiveCfg = release|[none]
		{96F54817-DA0A-4F40-A69C-0040BF5BE95D}.Release|Win Tablet (x32).ActiveCfg = release|[none]
		{96F54817-DA0A-4F40-A69C-0040BF5BE95D}.Release|Win Tablet (x64).ActiveCfg = release|[none]
		{96F54817-DA0A-4F40-A69C-0040BF5BE95D}.Release|Win Universal.ActiveCfg = release|[none]
		{ACE75430-A8EC-489D-AEA9-C3D7708AACDC}.Debug|[Package].ActiveCfg = debug|[none]
		{ACE75430-A8EC-489D-AEA9-C3D7708AACDC}.Debug|Android.ActiveCfg = debug|monoDroid.app
		{ACE75430-A8EC-489D-AEA9-C3D7708AACDC}.Debug|Android.Build.0 = debug|monoDroid.app
		{ACE75430-A8EC-489D-AEA9-C3D7708AACDC}.Debug|Android.Deploy.0 = debug|monoDroid.app
		{ACE75430-A8EC-489D-AEA9-C3D7708AACDC}.Debug|Desktop.ActiveCfg = debug|[none]
		{ACE75430-A8EC-489D-AEA9-C3D7708AACDC}.Debug|iOS.ActiveCfg = debug|[none]
		{ACE75430-A8EC-489D-AEA9-C3D7708AACDC}.Debug|iOS (sim).ActiveCfg = debug|[none]
		{ACE75430-A8EC-489D-AEA9-C3D7708AACDC}.Debug|iOS Unified.ActiveCfg = debug|[none]
		{ACE75430-A8EC-489D-AEA9-C3D7708AACDC}.Debug|iOS Unified (sim).ActiveCfg = debug|[none]
		{ACE75430-A8EC-489D-AEA9-C3D7708AACDC}.Debug|Win Phone.ActiveCfg = debug|[none]
		{ACE75430-A8EC-489D-AEA9-C3D7708AACDC}.Debug|Win Tablet (arm).ActiveCfg = debug|[none]
		{ACE75430-A8EC-489D-AEA9-C3D7708AACDC}.Debug|Win Tablet (x32).ActiveCfg = debug|[none]
		{ACE75430-A8EC-489D-AEA9-C3D7708AACDC}.Debug|Win Tablet (x64).ActiveCfg = debug|[none]
		{ACE75430-A8EC-489D-AEA9-C3D7708AACDC}.Debug|Win Universal.ActiveCfg = debug|[none]
		{ACE75430-A8EC-489D-AEA9-C3D7708AACDC}.Release|[Package].ActiveCfg = release|[none]
		{ACE75430-A8EC-489D-AEA9-C3D7708AACDC}.Release|Android.ActiveCfg = release|monoDroid.app
		{ACE75430-A8EC-489D-AEA9-C3D7708AACDC}.Release|Android.Build.0 = release|monoDroid.app
		{ACE75430-A8EC-489D-AEA9-C3D7708AACDC}.Release|Android.Deploy.0 = release|monoDroid.app
		{ACE75430-A8EC-489D-AEA9-C3D7708AACDC}.Release|Desktop.ActiveCfg = release|[none]
		{ACE75430-A8EC-489D-AEA9-C3D7708AACDC}.Release|iOS.ActiveCfg = release|[none]
		{ACE75430-A8EC-489D-AEA9-C3D7708AACDC}.Release|iOS (sim).ActiveCfg = release|[none]
		{ACE75430-A8EC-489D-AEA9-C3D7708AACDC}.Release|iOS Unified.ActiveCfg = release|[none]
		{ACE75430-A8EC-489D-AEA9-C3D7708AACDC}.Release|iOS Unified (sim).ActiveCfg = release|[none]
		{ACE75430-A8EC-489D-AEA9-C3D7708AACDC}.Release|Win Phone.ActiveCfg = release|[none]
		{ACE75430-A8EC-489D-AEA9-C3D7708AACDC}.Release|Win Tablet (arm).ActiveCfg = release|[none]
		{ACE75430-A8EC-489D-AEA9-C3D7708AACDC}.Release|Win Tablet (x32).ActiveCfg = release|[none]
		{ACE75430-A8EC-489D-AEA9-C3D7708AACDC}.Release|Win Tablet (x64).ActiveCfg = release|[none]
		{ACE75430-A8EC-489D-AEA9-C3D7708AACDC}.Release|Win Universal.ActiveCfg = release|[none]
		{09BD58E5-80C5-45F5-A506-663DA2FAB178}.Debug|[Package].ActiveCfg = debug|[none]
		{09BD58E5-80C5-45F5-A506-663DA2FAB178}.Debug|Android.ActiveCfg = debug|[none]
		{09BD58E5-80C5-45F5-A506-663DA2FAB178}.Debug|Desktop.ActiveCfg = debug|[none]
		{09BD58E5-80C5-45F5-A506-663DA2FAB178}.Debug|iOS.ActiveCfg = debug|[none]
		{09BD58E5-80C5-45F5-A506-663DA2FAB178}.Debug|iOS (sim).ActiveCfg = debug|[none]
		{09BD58E5-80C5-45F5-A506-663DA2FAB178}.Debug|iOS Unified.ActiveCfg = debug|[none]
		{09BD58E5-80C5-45F5-A506-663DA2FAB178}.Debug|iOS Unified (sim).ActiveCfg = debug|[none]
		{09BD58E5-80C5-45F5-A506-663DA2FAB178}.Debug|Win Phone.ActiveCfg = debug|[none]
		{09BD58E5-80C5-45F5-A506-663DA2FAB178}.Debug|Win Tablet (arm).ActiveCfg = debug|[none]
		{09BD58E5-80C5-45F5-A506-663DA2FAB178}.Debug|Win Tablet (x32).ActiveCfg = debug|[none]
		{09BD58E5-80C5-45F5-A506-663DA2FAB178}.Debug|Win Tablet (x64).ActiveCfg = debug|[none]
		{09BD58E5-80C5-45F5-A506-663DA2FAB178}.Debug|Win Universal.ActiveCfg = debug|[none]
		{09BD58E5-80C5-45F5-A506-663DA2FAB178}.Release|[Package].ActiveCfg = release|[none]
		{09BD58E5-80C5-45F5-A506-663DA2FAB178}.Release|Android.ActiveCfg = release|[none]
		{09BD58E5-80C5-45F5-A506-663DA2FAB178}.Release|Desktop.ActiveCfg = release|[none]
		{09BD58E5-80C5-45F5-A506-663DA2FAB178}.Release|iOS.ActiveCfg = release|[none]
		{09BD58E5-80C5-45F5-A506-663DA2FAB178}.Release|iOS (sim).ActiveCfg = release|[none]
		{09BD58E5-80C5-45F5-A506-663DA2FAB178}.Release|iOS Unified.ActiveCfg = release|iPhone
		{09BD58E5-80C5-45F5-A506-663DA2FAB178}.Release|iOS Unified (sim).ActiveCfg = release|iPhone
		{09BD58E5-80C5-45F5-A506-663DA2FAB178}.Release|Win Phone.ActiveCfg = release|[none]
		{09BD58E5-80C5-45F5-A506-663DA2FAB178}.Release|Win Tablet (arm).ActiveCfg = release|[none]
		{09BD58E5-80C5-45F5-A506-663DA2FAB178}.Release|Win Tablet (x32).ActiveCfg = release|[none]
		{09BD58E5-80C5-45F5-A506-663DA2FAB178}.Release|Win Tablet (x64).ActiveCfg = release|[none]
		{09BD58E5-80C5-45F5-A506-663DA2FAB178}.Release|Win Universal.ActiveCfg = release|[none]
	EndGlobalSection
	GlobalSection(SolutionProperties) = preSolution
		HideSolutionNode = FALSE
	EndGlobalSection
	GlobalSection(NestedProjects) = preSolution
		{DA6D8CF1-8A7E-462F-9D7F-7EBB7B418805} = {9A4CBB9A-1ABE-4DF6-B064-D85C1152600B}
		{C52084E5-8F52-4786-AF47-F7075FFD7794} = {DA6D8CF1-8A7E-462F-9D7F-7EBB7B418805}
		{67F9D3A8-F71E-4428-913F-C37AE82CDB24} = {DA6D8CF1-8A7E-462F-9D7F-7EBB7B418805}
		{1E791CE0-831F-4679-B75A-5A0F9A9EAC75} = {DA6D8CF1-8A7E-462F-9D7F-7EBB7B418805}
		{96F54817-DA0A-4F40-A69C-0040BF5BE95D} = {DA6D8CF1-8A7E-462F-9D7F-7EBB7B418805}
		{ACE75430-A8EC-489D-AEA9-C3D7708AACDC} = {1E791CE0-831F-4679-B75A-5A0F9A9EAC75}
		{09BD58E5-80C5-45F5-A506-663DA2FAB178} = {1E791CE0-831F-4679-B75A-5A0F9A9EAC75}
	EndGlobalSection
EndGlobal
